// !$*UTF8*$!
{
	archiveVersion = 1;
	classes = {
	};
	objectVersion = 50;
	objects = {

/* Begin PBXBuildFile section */
		A7244D59265DA26A00355090 /* resorts.json in Resources */ = {isa = PBXBuildFile; fileRef = A7244D58265DA26A00355090 /* resorts.json */; };
		A7244D5C265DA29300355090 /* Resort.swift in Sources */ = {isa = PBXBuildFile; fileRef = A7244D5B265DA29300355090 /* Resort.swift */; };
		A7244D5F265DA2CF00355090 /* Bundle-Decodable.swift in Sources */ = {isa = PBXBuildFile; fileRef = A7244D5E265DA2CF00355090 /* Bundle-Decodable.swift */; };
		A7244D62265DA45B00355090 /* WelcomeView.swift in Sources */ = {isa = PBXBuildFile; fileRef = A7244D61265DA45B00355090 /* WelcomeView.swift */; };
		A7244D65265DA50600355090 /* ResortView.swift in Sources */ = {isa = PBXBuildFile; fileRef = A7244D64265DA50600355090 /* ResortView.swift */; };
		A7244D68265DA59000355090 /* SkiDetailsView.swift in Sources */ = {isa = PBXBuildFile; fileRef = A7244D67265DA59000355090 /* SkiDetailsView.swift */; };
		A7244D6B265DA5BF00355090 /* ResortDetailsView.swift in Sources */ = {isa = PBXBuildFile; fileRef = A7244D6A265DA5BF00355090 /* ResortDetailsView.swift */; };
		A7244D6E265DA82700355090 /* Facility.swift in Sources */ = {isa = PBXBuildFile; fileRef = A7244D6D265DA82700355090 /* Facility.swift */; };
		A7244D71265DAAF500355090 /* Favorites.swift in Sources */ = {isa = PBXBuildFile; fileRef = A7244D70265DAAF500355090 /* Favorites.swift */; };
		A7F3EB9B265D9DF90098CDB2 /* SnowSeekerApp.swift in Sources */ = {isa = PBXBuildFile; fileRef = A7F3EB9A265D9DF90098CDB2 /* SnowSeekerApp.swift */; };
		A7F3EB9D265D9DF90098CDB2 /* ContentView.swift in Sources */ = {isa = PBXBuildFile; fileRef = A7F3EB9C265D9DF90098CDB2 /* ContentView.swift */; };
		A7F3EB9F265D9DFA0098CDB2 /* Assets.xcassets in Resources */ = {isa = PBXBuildFile; fileRef = A7F3EB9E265D9DFA0098CDB2 /* Assets.xcassets */; };
		A7F3EBA2265D9DFA0098CDB2 /* Preview Assets.xcassets in Resources */ = {isa = PBXBuildFile; fileRef = A7F3EBA1265D9DFA0098CDB2 /* Preview Assets.xcassets */; };
/* End PBXBuildFile section */

/* Begin PBXFileReference section */
		A7244D58265DA26A00355090 /* resorts.json */ = {isa = PBXFileReference; fileEncoding = 4; lastKnownFileType = text.json; path = resorts.json; sourceTree = "<group>"; };
		A7244D5B265DA29300355090 /* Resort.swift */ = {isa = PBXFileReference; lastKnownFileType = sourcecode.swift; path = Resort.swift; sourceTree = "<group>"; };
		A7244D5E265DA2CF00355090 /* Bundle-Decodable.swift */ = {isa = PBXFileReference; lastKnownFileType = sourcecode.swift; path = "Bundle-Decodable.swift"; sourceTree = "<group>"; };
		A7244D61265DA45B00355090 /* WelcomeView.swift */ = {isa = PBXFileReference; lastKnownFileType = sourcecode.swift; path = WelcomeView.swift; sourceTree = "<group>"; };
		A7244D64265DA50600355090 /* ResortView.swift */ = {isa = PBXFileReference; lastKnownFileType = sourcecode.swift; path = ResortView.swift; sourceTree = "<group>"; };
		A7244D67265DA59000355090 /* SkiDetailsView.swift */ = {isa = PBXFileReference; lastKnownFileType = sourcecode.swift; path = SkiDetailsView.swift; sourceTree = "<group>"; };
		A7244D6A265DA5BF00355090 /* ResortDetailsView.swift */ = {isa = PBXFileReference; lastKnownFileType = sourcecode.swift; path = ResortDetailsView.swift; sourceTree = "<group>"; };
		A7244D6D265DA82700355090 /* Facility.swift */ = {isa = PBXFileReference; lastKnownFileType = sourcecode.swift; path = Facility.swift; sourceTree = "<group>"; };
		A7244D70265DAAF500355090 /* Favorites.swift */ = {isa = PBXFileReference; lastKnownFileType = sourcecode.swift; path = Favorites.swift; sourceTree = "<group>"; };
		A7F3EB97265D9DF90098CDB2 /* SnowSeeker.app */ = {isa = PBXFileReference; explicitFileType = wrapper.application; includeInIndex = 0; path = SnowSeeker.app; sourceTree = BUILT_PRODUCTS_DIR; };
		A7F3EB9A265D9DF90098CDB2 /* SnowSeekerApp.swift */ = {isa = PBXFileReference; lastKnownFileType = sourcecode.swift; path = SnowSeekerApp.swift; sourceTree = "<group>"; };
		A7F3EB9C265D9DF90098CDB2 /* ContentView.swift */ = {isa = PBXFileReference; lastKnownFileType = sourcecode.swift; path = ContentView.swift; sourceTree = "<group>"; };
		A7F3EB9E265D9DFA0098CDB2 /* Assets.xcassets */ = {isa = PBXFileReference; lastKnownFileType = folder.assetcatalog; path = Assets.xcassets; sourceTree = "<group>"; };
		A7F3EBA1265D9DFA0098CDB2 /* Preview Assets.xcassets */ = {isa = PBXFileReference; lastKnownFileType = folder.assetcatalog; path = "Preview Assets.xcassets"; sourceTree = "<group>"; };
		A7F3EBA3265D9DFA0098CDB2 /* Info.plist */ = {isa = PBXFileReference; lastKnownFileType = text.plist.xml; path = Info.plist; sourceTree = "<group>"; };
/* End PBXFileReference section */

/* Begin PBXFrameworksBuildPhase section */
		A7F3EB94265D9DF90098CDB2 /* Frameworks */ = {
			isa = PBXFrameworksBuildPhase;
			buildActionMask = 2147483647;
			files = (
			);
			runOnlyForDeploymentPostprocessing = 0;
		};
/* End PBXFrameworksBuildPhase section */

/* Begin PBXGroup section */
		A7F3EB8E265D9DF90098CDB2 = {
			isa = PBXGroup;
			children = (
				A7244D6D265DA82700355090 /* Facility.swift */,
				A7244D67265DA59000355090 /* SkiDetailsView.swift */,
				A7244D6A265DA5BF00355090 /* ResortDetailsView.swift */,
				A7244D64265DA50600355090 /* ResortView.swift */,
				A7244D70265DAAF500355090 /* Favorites.swift */,
				A7244D61265DA45B00355090 /* WelcomeView.swift */,
				A7244D58265DA26A00355090 /* resorts.json */,
				A7F3EB99265D9DF90098CDB2 /* SnowSeeker */,
				A7F3EB98265D9DF90098CDB2 /* Products */,
			);
			sourceTree = "<group>";
		};
		A7F3EB98265D9DF90098CDB2 /* Products */ = {
			isa = PBXGroup;
			children = (
				A7F3EB97265D9DF90098CDB2 /* SnowSeeker.app */,
			);
			name = Products;
			sourceTree = "<group>";
		};
		A7F3EB99265D9DF90098CDB2 /* SnowSeeker */ = {
			isa = PBXGroup;
			children = (
				A7F3EB9A265D9DF90098CDB2 /* SnowSeekerApp.swift */,
				A7F3EB9C265D9DF90098CDB2 /* ContentView.swift */,
				A7244D5B265DA29300355090 /* Resort.swift */,
				A7244D5E265DA2CF00355090 /* Bundle-Decodable.swift */,
				A7F3EB9E265D9DFA0098CDB2 /* Assets.xcassets */,
				A7F3EBA3265D9DFA0098CDB2 /* Info.plist */,
				A7F3EBA0265D9DFA0098CDB2 /* Preview Content */,
			);
			path = SnowSeeker;
			sourceTree = "<group>";
		};
		A7F3EBA0265D9DFA0098CDB2 /* Preview Content */ = {
			isa = PBXGroup;
			children = (
				A7F3EBA1265D9DFA0098CDB2 /* Preview Assets.xcassets */,
			);
			path = "Preview Content";
			sourceTree = "<group>";
		};
/* End PBXGroup section */

/* Begin PBXNativeTarget section */
		A7F3EB96265D9DF90098CDB2 /* SnowSeeker */ = {
			isa = PBXNativeTarget;
			buildConfigurationList = A7F3EBA6265D9DFA0098CDB2 /* Build configuration list for PBXNativeTarget "SnowSeeker" */;
			buildPhases = (
				A7F3EB93265D9DF90098CDB2 /* Sources */,
				A7F3EB94265D9DF90098CDB2 /* Frameworks */,
				A7F3EB95265D9DF90098CDB2 /* Resources */,
			);
			buildRules = (
			);
			dependencies = (
			);
			name = SnowSeeker;
			productName = SnowSeeker;
			productReference = A7F3EB97265D9DF90098CDB2 /* SnowSeeker.app */;
			productType = "com.apple.product-type.application";
		};
/* End PBXNativeTarget section */

/* Begin PBXProject section */
		A7F3EB8F265D9DF90098CDB2 /* Project object */ = {
			isa = PBXProject;
			attributes = {
				LastSwiftUpdateCheck = 1220;
				LastUpgradeCheck = 1220;
				TargetAttributes = {
					A7F3EB96265D9DF90098CDB2 = {
						CreatedOnToolsVersion = 12.2;
					};
				};
			};
			buildConfigurationList = A7F3EB92265D9DF90098CDB2 /* Build configuration list for PBXProject "SnowSeeker" */;
			compatibilityVersion = "Xcode 9.3";
			developmentRegion = en;
			hasScannedForEncodings = 0;
			knownRegions = (
				en,
				Base,
			);
			mainGroup = A7F3EB8E265D9DF90098CDB2;
			productRefGroup = A7F3EB98265D9DF90098CDB2 /* Products */;
			projectDirPath = "";
			projectRoot = "";
			targets = (
				A7F3EB96265D9DF90098CDB2 /* SnowSeeker */,
			);
		};
/* End PBXProject section */

/* Begin PBXResourcesBuildPhase section */
		A7F3EB95265D9DF90098CDB2 /* Resources */ = {
			isa = PBXResourcesBuildPhase;
			buildActionMask = 2147483647;
			files = (
				A7244D59265DA26A00355090 /* resorts.json in Resources */,
				A7F3EBA2265D9DFA0098CDB2 /* Preview Assets.xcassets in Resources */,
				A7F3EB9F265D9DFA0098CDB2 /* Assets.xcassets in Resources */,
			);
			runOnlyForDeploymentPostprocessing = 0;
		};
/* End PBXResourcesBuildPhase section */

/* Begin PBXSourcesBuildPhase section */
		A7F3EB93265D9DF90098CDB2 /* Sources */ = {
			isa = PBXSourcesBuildPhase;
			buildActionMask = 2147483647;
			files = (
				A7244D62265DA45B00355090 /* WelcomeView.swift in Sources */,
				A7244D68265DA59000355090 /* SkiDetailsView.swift in Sources */,
				A7244D6B265DA5BF00355090 /* ResortDetailsView.swift in Sources */,
				A7244D71265DAAF500355090 /* Favorites.swift in Sources */,
				A7244D6E265DA82700355090 /* Facility.swift in Sources */,
				A7F3EB9D265D9DF90098CDB2 /* ContentView.swift in Sources */,
				A7244D5C265DA29300355090 /* Resort.swift in Sources */,
				A7244D65265DA50600355090 /* ResortView.swift in Sources */,
				A7F3EB9B265D9DF90098CDB2 /* SnowSeekerApp.swift in Sources */,
				A7244D5F265DA2CF00355090 /* Bundle-Decodable.swift in Sources */,
			);
			runOnlyForDeploymentPostprocessing = 0;
		};
/* End PBXSourcesBuildPhase section */

/* Begin XCBuildConfiguration section */
		A7F3EBA4265D9DFA0098CDB2 /* Debug */ = {
			isa = XCBuildConfiguration;
			buildSettings = {
				ALWAYS_SEARCH_USER_PATHS = NO;
				CLANG_ANALYZER_NONNULL = YES;
				CLANG_ANALYZER_NUMBER_OBJECT_CONVERSION = YES_AGGRESSIVE;
				CLANG_CXX_LANGUAGE_STANDARD = "gnu++14";
				CLANG_CXX_LIBRARY = "libc++";
				CLANG_ENABLE_MODULES = YES;
				CLANG_ENABLE_OBJC_ARC = YES;
				CLANG_ENABLE_OBJC_WEAK = YES;
				CLANG_WARN_BLOCK_CAPTURE_AUTORELEASING = YES;
				CLANG_WARN_BOOL_CONVERSION = YES;
				CLANG_WARN_COMMA = YES;
				CLANG_WARN_CONSTANT_CONVERSION = YES;
				CLANG_WARN_DEPRECATED_OBJC_IMPLEMENTATIONS = YES;
				CLANG_WARN_DIRECT_OBJC_ISA_USAGE = YES_ERROR;
				CLANG_WARN_DOCUMENTATION_COMMENTS = YES;
				CLANG_WARN_EMPTY_BODY = YES;
				CLANG_WARN_ENUM_CONVERSION = YES;
				CLANG_WARN_INFINITE_RECURSION = YES;
				CLANG_WARN_INT_CONVERSION = YES;
				CLANG_WARN_NON_LITERAL_NULL_CONVERSION = YES;
				CLANG_WARN_OBJC_IMPLICIT_RETAIN_SELF = YES;
				CLANG_WARN_OBJC_LITERAL_CONVERSION = YES;
				CLANG_WARN_OBJC_ROOT_CLASS = YES_ERROR;
				CLANG_WARN_QUOTED_INCLUDE_IN_FRAMEWORK_HEADER = YES;
				CLANG_WARN_RANGE_LOOP_ANALYSIS = YES;
				CLANG_WARN_STRICT_PROTOTYPES = YES;
				CLANG_WARN_SUSPICIOUS_MOVE = YES;
				CLANG_WARN_UNGUARDED_AVAILABILITY = YES_AGGRESSIVE;
				CLANG_WARN_UNREACHABLE_CODE = YES;
				CLANG_WARN__DUPLICATE_METHOD_MATCH = YES;
				COPY_PHASE_STRIP = NO;
				DEBUG_INFORMATION_FORMAT = dwarf;
				ENABLE_STRICT_OBJC_MSGSEND = YES;
				ENABLE_TESTABILITY = YES;
				GCC_C_LANGUAGE_STANDARD = gnu11;
				GCC_DYNAMIC_NO_PIC = NO;
				GCC_NO_COMMON_BLOCKS = YES;
				GCC_OPTIMIZATION_LEVEL = 0;
				GCC_PREPROCESSOR_DEFINITIONS = (
					"DEBUG=1",
					"$(inherited)",
				);
				GCC_WARN_64_TO_32_BIT_CONVERSION = YES;
				GCC_WARN_ABOUT_RETURN_TYPE = YES_ERROR;
				GCC_WARN_UNDECLARED_SELECTOR = YES;
				GCC_WARN_UNINITIALIZED_AUTOS = YES_AGGRESSIVE;
				GCC_WARN_UNUSED_FUNCTION = YES;
				GCC_WARN_UNUSED_VARIABLE = YES;
				IPHONEOS_DEPLOYMENT_TARGET = 14.2;
				MTL_ENABLE_DEBUG_INFO = INCLUDE_SOURCE;
				MTL_FAST_MATH = YES;
				ONLY_ACTIVE_ARCH = YES;
				SDKROOT = iphoneos;
				SWIFT_ACTIVE_COMPILATION_CONDITIONS = DEBUG;
				SWIFT_OPTIMIZATION_LEVEL = "-Onone";
			};
			name = Debug;
		};
		A7F3EBA5265D9DFA0098CDB2 /* Release */ = {
			isa = XCBuildConfiguration;
			buildSettings = {
				ALWAYS_SEARCH_USER_PATHS = NO;
				CLANG_ANALYZER_NONNULL = YES;
				CLANG_ANALYZER_NUMBER_OBJECT_CONVERSION = YES_AGGRESSIVE;
				CLANG_CXX_LANGUAGE_STANDARD = "gnu++14";
				CLANG_CXX_LIBRARY = "libc++";
				CLANG_ENABLE_MODULES = YES;
				CLANG_ENABLE_OBJC_ARC = YES;
				CLANG_ENABLE_OBJC_WEAK = YES;
				CLANG_WARN_BLOCK_CAPTURE_AUTORELEASING = YES;
				CLANG_WARN_BOOL_CONVERSION = YES;
				CLANG_WARN_COMMA = YES;
				CLANG_WARN_CONSTANT_CONVERSION = YES;
				CLANG_WARN_DEPRECATED_OBJC_IMPLEMENTATIONS = YES;
				CLANG_WARN_DIRECT_OBJC_ISA_USAGE = YES_ERROR;
				CLANG_WARN_DOCUMENTATION_COMMENTS = YES;
				CLANG_WARN_EMPTY_BODY = YES;
				CLANG_WARN_ENUM_CONVERSION = YES;
				CLANG_WARN_INFINITE_RECURSION = YES;
				CLANG_WARN_INT_CONVERSION = YES;
				CLANG_WARN_NON_LITERAL_NULL_CONVERSION = YES;
				CLANG_WARN_OBJC_IMPLICIT_RETAIN_SELF = YES;
				CLANG_WARN_OBJC_LITERAL_CONVERSION = YES;
				CLANG_WARN_OBJC_ROOT_CLASS = YES_ERROR;
				CLANG_WARN_QUOTED_INCLUDE_IN_FRAMEWORK_HEADER = YES;
				CLANG_WARN_RANGE_LOOP_ANALYSIS = YES;
				CLANG_WARN_STRICT_PROTOTYPES = YES;
				CLANG_WARN_SUSPICIOUS_MOVE = YES;
				CLANG_WARN_UNGUARDED_AVAILABILITY = YES_AGGRESSIVE;
				CLANG_WARN_UNREACHABLE_CODE = YES;
				CLANG_WARN__DUPLICATE_METHOD_MATCH = YES;
				COPY_PHASE_STRIP = NO;
				DEBUG_INFORMATION_FORMAT = "dwarf-with-dsym";
				ENABLE_NS_ASSERTIONS = NO;
				ENABLE_STRICT_OBJC_MSGSEND = YES;
				GCC_C_LANGUAGE_STANDARD = gnu11;
				GCC_NO_COMMON_BLOCKS = YES;
				GCC_WARN_64_TO_32_BIT_CONVERSION = YES;
				GCC_WARN_ABOUT_RETURN_TYPE = YES_ERROR;
				GCC_WARN_UNDECLARED_SELECTOR = YES;
				GCC_WARN_UNINITIALIZED_AUTOS = YES_AGGRESSIVE;
				GCC_WARN_UNUSED_FUNCTION = YES;
				GCC_WARN_UNUSED_VARIABLE = YES;
				IPHONEOS_DEPLOYMENT_TARGET = 14.2;
				MTL_ENABLE_DEBUG_INFO = NO;
				MTL_FAST_MATH = YES;
				SDKROOT = iphoneos;
				SWIFT_COMPILATION_MODE = wholemodule;
				SWIFT_OPTIMIZATION_LEVEL = "-O";
				VALIDATE_PRODUCT = YES;
			};
			name = Release;
		};
		A7F3EBA7265D9DFA0098CDB2 /* Debug */ = {
			isa = XCBuildConfiguration;
			buildSettings = {
				ASSETCATALOG_COMPILER_APPICON_NAME = AppIcon;
				ASSETCATALOG_COMPILER_GLOBAL_ACCENT_COLOR_NAME = AccentColor;
				CODE_SIGN_STYLE = Automatic;
				DEVELOPMENT_ASSET_PATHS = "\"SnowSeeker/Preview Content\"";
				DEVELOPMENT_TEAM = JS7SZYV8ND;
				ENABLE_PREVIEWS = YES;
				INFOPLIST_FILE = SnowSeeker/Info.plist;
				IPHONEOS_DEPLOYMENT_TARGET = 14.0;
				LD_RUNPATH_SEARCH_PATHS = (
					"$(inherited)",
					"@executable_path/Frameworks",
				);
				PRODUCT_BUNDLE_IDENTIFIER = beknar.SnowSeeker;
				PRODUCT_NAME = "$(TARGET_NAME)";
				SWIFT_VERSION = 5.0;
				TARGETED_DEVICE_FAMILY = "1,2";
			};
			name = Debug;
		};
		A7F3EBA8265D9DFA0098CDB2 /* Release */ = {
			isa = XCBuildConfiguration;
			buildSettings = {
				ASSETCATALOG_COMPILER_APPICON_NAME = AppIcon;
				ASSETCATALOG_COMPILER_GLOBAL_ACCENT_COLOR_NAME = AccentColor;
				CODE_SIGN_STYLE = Automatic;
				DEVELOPMENT_ASSET_PATHS = "\"SnowSeeker/Preview Content\"";
				DEVELOPMENT_TEAM = JS7SZYV8ND;
				ENABLE_PREVIEWS = YES;
				INFOPLIST_FILE = SnowSeeker/Info.plist;
				IPHONEOS_DEPLOYMENT_TARGET = 14.0;
				LD_RUNPATH_SEARCH_PATHS = (
					"$(inherited)",
					"@executable_path/Frameworks",
				);
				PRODUCT_BUNDLE_IDENTIFIER = beknar.SnowSeeker;
				PRODUCT_NAME = "$(TARGET_NAME)";
				SWIFT_VERSION = 5.0;
				TARGETED_DEVICE_FAMILY = "1,2";
			};
			name = Release;
		};
/* End XCBuildConfiguration section */

/* Begin XCConfigurationList section */
		A7F3EB92265D9DF90098CDB2 /* Build configuration list for PBXProject "SnowSeeker" */ = {
			isa = XCConfigurationList;
			buildConfigurations = (
				A7F3EBA4265D9DFA0098CDB2 /* Debug */,
				A7F3EBA5265D9DFA0098CDB2 /* Release */,
			);
			defaultConfigurationIsVisible = 0;
			defaultConfigurationName = Release;
		};
		A7F3EBA6265D9DFA0098CDB2 /* Build configuration list for PBXNativeTarget "SnowSeeker" */ = {
			isa = XCConfigurationList;
			buildConfigurations = (
				A7F3EBA7265D9DFA0098CDB2 /* Debug */,
				A7F3EBA8265D9DFA0098CDB2 /* Release */,
			);
			defaultConfigurationIsVisible = 0;
			defaultConfigurationName = Release;
		};
/* End XCConfigurationList section */
	};
	rootObject = A7F3EB8F265D9DF90098CDB2 /* Project object */;
}
