// !$*UTF8*$!
{
	archiveVersion = 1;
	classes = {
	};
	objectVersion = 50;
	objects = {

/* Begin PBXBuildFile section */
		0D14199024FAA2AE00366989 /* astronauts.json in Resources */ = {isa = PBXBuildFile; fileRef = 0D14198E24FAA2AE00366989 /* astronauts.json */; };
		0D14199124FAA2AE00366989 /* missions.json in Resources */ = {isa = PBXBuildFile; fileRef = 0D14198F24FAA2AE00366989 /* missions.json */; };
		0D14199324FAA52100366989 /* Astronaut.swift in Sources */ = {isa = PBXBuildFile; fileRef = 0D14199224FAA52100366989 /* Astronaut.swift */; };
		0D14199524FAA54500366989 /* Bundle-Decodable.swift in Sources */ = {isa = PBXBuildFile; fileRef = 0D14199424FAA54500366989 /* Bundle-Decodable.swift */; };
		0D14199724FAA8C400366989 /* Mission.swift in Sources */ = {isa = PBXBuildFile; fileRef = 0D14199624FAA8C400366989 /* Mission.swift */; };
		0D5522D724FC1CBB00FECD84 /* MissionView.swift in Sources */ = {isa = PBXBuildFile; fileRef = 0D5522D624FC1CBB00FECD84 /* MissionView.swift */; };
		0D5522D924FC21EB00FECD84 /* AstronautView.swift in Sources */ = {isa = PBXBuildFile; fileRef = 0D5522D824FC21EB00FECD84 /* AstronautView.swift */; };
		0D75791A24F8273C005A89CB /* AppDelegate.swift in Sources */ = {isa = PBXBuildFile; fileRef = 0D75791924F8273C005A89CB /* AppDelegate.swift */; };
		0D75791C24F8273C005A89CB /* SceneDelegate.swift in Sources */ = {isa = PBXBuildFile; fileRef = 0D75791B24F8273C005A89CB /* SceneDelegate.swift */; };
		0D75791E24F8273C005A89CB /* ContentView.swift in Sources */ = {isa = PBXBuildFile; fileRef = 0D75791D24F8273C005A89CB /* ContentView.swift */; };
		0D75792024F8273E005A89CB /* Assets.xcassets in Resources */ = {isa = PBXBuildFile; fileRef = 0D75791F24F8273E005A89CB /* Assets.xcassets */; };
		0D75792324F8273E005A89CB /* Preview Assets.xcassets in Resources */ = {isa = PBXBuildFile; fileRef = 0D75792224F8273E005A89CB /* Preview Assets.xcassets */; };
		0D75792624F8273E005A89CB /* LaunchScreen.storyboard in Resources */ = {isa = PBXBuildFile; fileRef = 0D75792424F8273E005A89CB /* LaunchScreen.storyboard */; };
/* End PBXBuildFile section */

/* Begin PBXFileReference section */
		0D14198E24FAA2AE00366989 /* astronauts.json */ = {isa = PBXFileReference; fileEncoding = 4; lastKnownFileType = text.json; path = astronauts.json; sourceTree = "<group>"; };
		0D14198F24FAA2AE00366989 /* missions.json */ = {isa = PBXFileReference; fileEncoding = 4; lastKnownFileType = text.json; path = missions.json; sourceTree = "<group>"; };
		0D14199224FAA52100366989 /* Astronaut.swift */ = {isa = PBXFileReference; lastKnownFileType = sourcecode.swift; path = Astronaut.swift; sourceTree = "<group>"; };
		0D14199424FAA54500366989 /* Bundle-Decodable.swift */ = {isa = PBXFileReference; lastKnownFileType = sourcecode.swift; path = "Bundle-Decodable.swift"; sourceTree = "<group>"; };
		0D14199624FAA8C400366989 /* Mission.swift */ = {isa = PBXFileReference; lastKnownFileType = sourcecode.swift; path = Mission.swift; sourceTree = "<group>"; };
		0D5522D624FC1CBB00FECD84 /* MissionView.swift */ = {isa = PBXFileReference; lastKnownFileType = sourcecode.swift; path = MissionView.swift; sourceTree = "<group>"; };
		0D5522D824FC21EB00FECD84 /* AstronautView.swift */ = {isa = PBXFileReference; lastKnownFileType = sourcecode.swift; path = AstronautView.swift; sourceTree = "<group>"; };
		0D75791624F8273C005A89CB /* Moonshot.app */ = {isa = PBXFileReference; explicitFileType = wrapper.application; includeInIndex = 0; path = Moonshot.app; sourceTree = BUILT_PRODUCTS_DIR; };
		0D75791924F8273C005A89CB /* AppDelegate.swift */ = {isa = PBXFileReference; lastKnownFileType = sourcecode.swift; path = AppDelegate.swift; sourceTree = "<group>"; };
		0D75791B24F8273C005A89CB /* SceneDelegate.swift */ = {isa = PBXFileReference; lastKnownFileType = sourcecode.swift; path = SceneDelegate.swift; sourceTree = "<group>"; };
		0D75791D24F8273C005A89CB /* ContentView.swift */ = {isa = PBXFileReference; lastKnownFileType = sourcecode.swift; path = ContentView.swift; sourceTree = "<group>"; };
		0D75791F24F8273E005A89CB /* Assets.xcassets */ = {isa = PBXFileReference; lastKnownFileType = folder.assetcatalog; path = Assets.xcassets; sourceTree = "<group>"; };
		0D75792224F8273E005A89CB /* Preview Assets.xcassets */ = {isa = PBXFileReference; lastKnownFileType = folder.assetcatalog; path = "Preview Assets.xcassets"; sourceTree = "<group>"; };
		0D75792524F8273E005A89CB /* Base */ = {isa = PBXFileReference; lastKnownFileType = file.storyboard; name = Base; path = Base.lproj/LaunchScreen.storyboard; sourceTree = "<group>"; };
		0D75792724F8273E005A89CB /* Info.plist */ = {isa = PBXFileReference; lastKnownFileType = text.plist.xml; path = Info.plist; sourceTree = "<group>"; };
/* End PBXFileReference section */

/* Begin PBXFrameworksBuildPhase section */
		0D75791324F8273C005A89CB /* Frameworks */ = {
			isa = PBXFrameworksBuildPhase;
			buildActionMask = 2147483647;
			files = (
			);
			runOnlyForDeploymentPostprocessing = 0;
		};
/* End PBXFrameworksBuildPhase section */

/* Begin PBXGroup section */
		0D75790D24F8273C005A89CB = {
			isa = PBXGroup;
			children = (
				0D75791824F8273C005A89CB /* Moonshot */,
				0D75791724F8273C005A89CB /* Products */,
			);
			sourceTree = "<group>";
		};
		0D75791724F8273C005A89CB /* Products */ = {
			isa = PBXGroup;
			children = (
				0D75791624F8273C005A89CB /* Moonshot.app */,
			);
			name = Products;
			sourceTree = "<group>";
		};
		0D75791824F8273C005A89CB /* Moonshot */ = {
			isa = PBXGroup;
			children = (
				0D14198E24FAA2AE00366989 /* astronauts.json */,
				0D14199224FAA52100366989 /* Astronaut.swift */,
				0D14198F24FAA2AE00366989 /* missions.json */,
				0D75791924F8273C005A89CB /* AppDelegate.swift */,
				0D75791B24F8273C005A89CB /* SceneDelegate.swift */,
				0D75791D24F8273C005A89CB /* ContentView.swift */,
				0D14199624FAA8C400366989 /* Mission.swift */,
				0D75791F24F8273E005A89CB /* Assets.xcassets */,
				0D75792424F8273E005A89CB /* LaunchScreen.storyboard */,
				0D75792724F8273E005A89CB /* Info.plist */,
				0D75792124F8273E005A89CB /* Preview Content */,
				0D14199424FAA54500366989 /* Bundle-Decodable.swift */,
				0D5522D624FC1CBB00FECD84 /* MissionView.swift */,
				0D5522D824FC21EB00FECD84 /* AstronautView.swift */,
			);
			path = Moonshot;
			sourceTree = "<group>";
		};
		0D75792124F8273E005A89CB /* Preview Content */ = {
			isa = PBXGroup;
			children = (
				0D75792224F8273E005A89CB /* Preview Assets.xcassets */,
			);
			path = "Preview Content";
			sourceTree = "<group>";
		};
/* End PBXGroup section */

/* Begin PBXNativeTarget section */
		0D75791524F8273C005A89CB /* Moonshot */ = {
			isa = PBXNativeTarget;
			buildConfigurationList = 0D75792A24F8273E005A89CB /* Build configuration list for PBXNativeTarget "Moonshot" */;
			buildPhases = (
				0D75791224F8273C005A89CB /* Sources */,
				0D75791324F8273C005A89CB /* Frameworks */,
				0D75791424F8273C005A89CB /* Resources */,
			);
			buildRules = (
			);
			dependencies = (
			);
			name = Moonshot;
			productName = Moonshot;
			productReference = 0D75791624F8273C005A89CB /* Moonshot.app */;
			productType = "com.apple.product-type.application";
		};
/* End PBXNativeTarget section */

/* Begin PBXProject section */
		0D75790E24F8273C005A89CB /* Project object */ = {
			isa = PBXProject;
			attributes = {
				LastSwiftUpdateCheck = 1130;
				LastUpgradeCheck = 1130;
				ORGANIZATIONNAME = "Beknar Danabek";
				TargetAttributes = {
					0D75791524F8273C005A89CB = {
						CreatedOnToolsVersion = 11.3.1;
					};
				};
			};
			buildConfigurationList = 0D75791124F8273C005A89CB /* Build configuration list for PBXProject "Moonshot" */;
			compatibilityVersion = "Xcode 9.3";
			developmentRegion = en;
			hasScannedForEncodings = 0;
			knownRegions = (
				en,
				Base,
			);
			mainGroup = 0D75790D24F8273C005A89CB;
			productRefGroup = 0D75791724F8273C005A89CB /* Products */;
			projectDirPath = "";
			projectRoot = "";
			targets = (
				0D75791524F8273C005A89CB /* Moonshot */,
			);
		};
/* End PBXProject section */

/* Begin PBXResourcesBuildPhase section */
		0D75791424F8273C005A89CB /* Resources */ = {
			isa = PBXResourcesBuildPhase;
			buildActionMask = 2147483647;
			files = (
				0D75792624F8273E005A89CB /* LaunchScreen.storyboard in Resources */,
				0D14199124FAA2AE00366989 /* missions.json in Resources */,
				0D75792324F8273E005A89CB /* Preview Assets.xcassets in Resources */,
				0D75792024F8273E005A89CB /* Assets.xcassets in Resources */,
				0D14199024FAA2AE00366989 /* astronauts.json in Resources */,
			);
			runOnlyForDeploymentPostprocessing = 0;
		};
/* End PBXResourcesBuildPhase section */

/* Begin PBXSourcesBuildPhase section */
		0D75791224F8273C005A89CB /* Sources */ = {
			isa = PBXSourcesBuildPhase;
			buildActionMask = 2147483647;
			files = (
				0D5522D724FC1CBB00FECD84 /* MissionView.swift in Sources */,
				0D14199724FAA8C400366989 /* Mission.swift in Sources */,
				0D5522D924FC21EB00FECD84 /* AstronautView.swift in Sources */,
				0D75791A24F8273C005A89CB /* AppDelegate.swift in Sources */,
				0D75791C24F8273C005A89CB /* SceneDelegate.swift in Sources */,
				0D14199524FAA54500366989 /* Bundle-Decodable.swift in Sources */,
				0D75791E24F8273C005A89CB /* ContentView.swift in Sources */,
				0D14199324FAA52100366989 /* Astronaut.swift in Sources */,
			);
			runOnlyForDeploymentPostprocessing = 0;
		};
/* End PBXSourcesBuildPhase section */

/* Begin PBXVariantGroup section */
		0D75792424F8273E005A89CB /* LaunchScreen.storyboard */ = {
			isa = PBXVariantGroup;
			children = (
				0D75792524F8273E005A89CB /* Base */,
			);
			name = LaunchScreen.storyboard;
			sourceTree = "<group>";
		};
/* End PBXVariantGroup section */

/* Begin XCBuildConfiguration section */
		0D75792824F8273E005A89CB /* Debug */ = {
			isa = XCBuildConfiguration;
			buildSettings = {
				ALWAYS_SEARCH_USER_PATHS = NO;
				CLANG_ANALYZER_NONNULL = YES;
				CLANG_ANALYZER_NUMBER_OBJECT_CONVERSION = YES_AGGRESSIVE;
				CLANG_CXX_LANGUAGE_STANDARD = "gnu++14";
				CLANG_CXX_LIBRARY = "libc++";
				CLANG_ENABLE_MODULES = YES;
				CLANG_ENABLE_OBJC_ARC = YES;
				CLANG_ENABLE_OBJC_WEAK = YES;
				CLANG_WARN_BLOCK_CAPTURE_AUTORELEASING = YES;
				CLANG_WARN_BOOL_CONVERSION = YES;
				CLANG_WARN_COMMA = YES;
				CLANG_WARN_CONSTANT_CONVERSION = YES;
				CLANG_WARN_DEPRECATED_OBJC_IMPLEMENTATIONS = YES;
				CLANG_WARN_DIRECT_OBJC_ISA_USAGE = YES_ERROR;
				CLANG_WARN_DOCUMENTATION_COMMENTS = YES;
				CLANG_WARN_EMPTY_BODY = YES;
				CLANG_WARN_ENUM_CONVERSION = YES;
				CLANG_WARN_INFINITE_RECURSION = YES;
				CLANG_WARN_INT_CONVERSION = YES;
				CLANG_WARN_NON_LITERAL_NULL_CONVERSION = YES;
				CLANG_WARN_OBJC_IMPLICIT_RETAIN_SELF = YES;
				CLANG_WARN_OBJC_LITERAL_CONVERSION = YES;
				CLANG_WARN_OBJC_ROOT_CLASS = YES_ERROR;
				CLANG_WARN_RANGE_LOOP_ANALYSIS = YES;
				CLANG_WARN_STRICT_PROTOTYPES = YES;
				CLANG_WARN_SUSPICIOUS_MOVE = YES;
				CLANG_WARN_UNGUARDED_AVAILABILITY = YES_AGGRESSIVE;
				CLANG_WARN_UNREACHABLE_CODE = YES;
				CLANG_WARN__DUPLICATE_METHOD_MATCH = YES;
				COPY_PHASE_STRIP = NO;
				DEBUG_INFORMATION_FORMAT = dwarf;
				ENABLE_STRICT_OBJC_MSGSEND = YES;
				ENABLE_TESTABILITY = YES;
				GCC_C_LANGUAGE_STANDARD = gnu11;
				GCC_DYNAMIC_NO_PIC = NO;
				GCC_NO_COMMON_BLOCKS = YES;
				GCC_OPTIMIZATION_LEVEL = 0;
				GCC_PREPROCESSOR_DEFINITIONS = (
					"DEBUG=1",
					"$(inherited)",
				);
				GCC_WARN_64_TO_32_BIT_CONVERSION = YES;
				GCC_WARN_ABOUT_RETURN_TYPE = YES_ERROR;
				GCC_WARN_UNDECLARED_SELECTOR = YES;
				GCC_WARN_UNINITIALIZED_AUTOS = YES_AGGRESSIVE;
				GCC_WARN_UNUSED_FUNCTION = YES;
				GCC_WARN_UNUSED_VARIABLE = YES;
				IPHONEOS_DEPLOYMENT_TARGET = 13.2;
				MTL_ENABLE_DEBUG_INFO = INCLUDE_SOURCE;
				MTL_FAST_MATH = YES;
				ONLY_ACTIVE_ARCH = YES;
				SDKROOT = iphoneos;
				SWIFT_ACTIVE_COMPILATION_CONDITIONS = DEBUG;
				SWIFT_OPTIMIZATION_LEVEL = "-Onone";
			};
			name = Debug;
		};
		0D75792924F8273E005A89CB /* Release */ = {
			isa = XCBuildConfiguration;
			buildSettings = {
				ALWAYS_SEARCH_USER_PATHS = NO;
				CLANG_ANALYZER_NONNULL = YES;
				CLANG_ANALYZER_NUMBER_OBJECT_CONVERSION = YES_AGGRESSIVE;
				CLANG_CXX_LANGUAGE_STANDARD = "gnu++14";
				CLANG_CXX_LIBRARY = "libc++";
				CLANG_ENABLE_MODULES = YES;
				CLANG_ENABLE_OBJC_ARC = YES;
				CLANG_ENABLE_OBJC_WEAK = YES;
				CLANG_WARN_BLOCK_CAPTURE_AUTORELEASING = YES;
				CLANG_WARN_BOOL_CONVERSION = YES;
				CLANG_WARN_COMMA = YES;
				CLANG_WARN_CONSTANT_CONVERSION = YES;
				CLANG_WARN_DEPRECATED_OBJC_IMPLEMENTATIONS = YES;
				CLANG_WARN_DIRECT_OBJC_ISA_USAGE = YES_ERROR;
				CLANG_WARN_DOCUMENTATION_COMMENTS = YES;
				CLANG_WARN_EMPTY_BODY = YES;
				CLANG_WARN_ENUM_CONVERSION = YES;
				CLANG_WARN_INFINITE_RECURSION = YES;
				CLANG_WARN_INT_CONVERSION = YES;
				CLANG_WARN_NON_LITERAL_NULL_CONVERSION = YES;
				CLANG_WARN_OBJC_IMPLICIT_RETAIN_SELF = YES;
				CLANG_WARN_OBJC_LITERAL_CONVERSION = YES;
				CLANG_WARN_OBJC_ROOT_CLASS = YES_ERROR;
				CLANG_WARN_RANGE_LOOP_ANALYSIS = YES;
				CLANG_WARN_STRICT_PROTOTYPES = YES;
				CLANG_WARN_SUSPICIOUS_MOVE = YES;
				CLANG_WARN_UNGUARDED_AVAILABILITY = YES_AGGRESSIVE;
				CLANG_WARN_UNREACHABLE_CODE = YES;
				CLANG_WARN__DUPLICATE_METHOD_MATCH = YES;
				COPY_PHASE_STRIP = NO;
				DEBUG_INFORMATION_FORMAT = "dwarf-with-dsym";
				ENABLE_NS_ASSERTIONS = NO;
				ENABLE_STRICT_OBJC_MSGSEND = YES;
				GCC_C_LANGUAGE_STANDARD = gnu11;
				GCC_NO_COMMON_BLOCKS = YES;
				GCC_WARN_64_TO_32_BIT_CONVERSION = YES;
				GCC_WARN_ABOUT_RETURN_TYPE = YES_ERROR;
				GCC_WARN_UNDECLARED_SELECTOR = YES;
				GCC_WARN_UNINITIALIZED_AUTOS = YES_AGGRESSIVE;
				GCC_WARN_UNUSED_FUNCTION = YES;
				GCC_WARN_UNUSED_VARIABLE = YES;
				IPHONEOS_DEPLOYMENT_TARGET = 13.2;
				MTL_ENABLE_DEBUG_INFO = NO;
				MTL_FAST_MATH = YES;
				SDKROOT = iphoneos;
				SWIFT_COMPILATION_MODE = wholemodule;
				SWIFT_OPTIMIZATION_LEVEL = "-O";
				VALIDATE_PRODUCT = YES;
			};
			name = Release;
		};
		0D75792B24F8273E005A89CB /* Debug */ = {
			isa = XCBuildConfiguration;
			buildSettings = {
				ASSETCATALOG_COMPILER_APPICON_NAME = AppIcon;
				CODE_SIGN_STYLE = Automatic;
				DEVELOPMENT_ASSET_PATHS = "\"Moonshot/Preview Content\"";
				DEVELOPMENT_TEAM = JS7SZYV8ND;
				ENABLE_PREVIEWS = YES;
				INFOPLIST_FILE = Moonshot/Info.plist;
				LD_RUNPATH_SEARCH_PATHS = (
					"$(inherited)",
					"@executable_path/Frameworks",
				);
				PRODUCT_BUNDLE_IDENTIFIER = beknar.Moonshot;
				PRODUCT_NAME = "$(TARGET_NAME)";
				SWIFT_VERSION = 5.0;
				TARGETED_DEVICE_FAMILY = "1,2";
			};
			name = Debug;
		};
		0D75792C24F8273E005A89CB /* Release */ = {
			isa = XCBuildConfiguration;
			buildSettings = {
				ASSETCATALOG_COMPILER_APPICON_NAME = AppIcon;
				CODE_SIGN_STYLE = Automatic;
				DEVELOPMENT_ASSET_PATHS = "\"Moonshot/Preview Content\"";
				DEVELOPMENT_TEAM = JS7SZYV8ND;
				ENABLE_PREVIEWS = YES;
				INFOPLIST_FILE = Moonshot/Info.plist;
				LD_RUNPATH_SEARCH_PATHS = (
					"$(inherited)",
					"@executable_path/Frameworks",
				);
				PRODUCT_BUNDLE_IDENTIFIER = beknar.Moonshot;
				PRODUCT_NAME = "$(TARGET_NAME)";
				SWIFT_VERSION = 5.0;
				TARGETED_DEVICE_FAMILY = "1,2";
			};
			name = Release;
		};
/* End XCBuildConfiguration section */

/* Begin XCConfigurationList section */
		0D75791124F8273C005A89CB /* Build configuration list for PBXProject "Moonshot" */ = {
			isa = XCConfigurationList;
			buildConfigurations = (
				0D75792824F8273E005A89CB /* Debug */,
				0D75792924F8273E005A89CB /* Release */,
			);
			defaultConfigurationIsVisible = 0;
			defaultConfigurationName = Release;
		};
		0D75792A24F8273E005A89CB /* Build configuration list for PBXNativeTarget "Moonshot" */ = {
			isa = XCConfigurationList;
			buildConfigurations = (
				0D75792B24F8273E005A89CB /* Debug */,
				0D75792C24F8273E005A89CB /* Release */,
			);
			defaultConfigurationIsVisible = 0;
			defaultConfigurationName = Release;
		};
/* End XCConfigurationList section */
	};
	rootObject = 0D75790E24F8273C005A89CB /* Project object */;
}
