// !$*UTF8*$!
{
	archiveVersion = 1;
	classes = {
	};
	objectVersion = 50;
	objects = {

/* Begin PBXBuildFile section */
		A7F3EB75265D87390098CDB2 /* Milestone1618App.swift in Sources */ = {isa = PBXBuildFile; fileRef = A7F3EB74265D87390098CDB2 /* Milestone1618App.swift */; };
		A7F3EB77265D87390098CDB2 /* ContentView.swift in Sources */ = {isa = PBXBuildFile; fileRef = A7F3EB76265D87390098CDB2 /* ContentView.swift */; };
		A7F3EB79265D873A0098CDB2 /* Assets.xcassets in Resources */ = {isa = PBXBuildFile; fileRef = A7F3EB78265D873A0098CDB2 /* Assets.xcassets */; };
		A7F3EB7C265D873A0098CDB2 /* Preview Assets.xcassets in Resources */ = {isa = PBXBuildFile; fileRef = A7F3EB7B265D873A0098CDB2 /* Preview Assets.xcassets */; };
		A7F3EB85265D96AF0098CDB2 /* DiceView.swift in Sources */ = {isa = PBXBuildFile; fileRef = A7F3EB84265D96AF0098CDB2 /* DiceView.swift */; };
		A7F3EB88265D97330098CDB2 /* HistoryView.swift in Sources */ = {isa = PBXBuildFile; fileRef = A7F3EB87265D97330098CDB2 /* HistoryView.swift */; };
		A7F3EB8B265D9B400098CDB2 /* Dices.swift in Sources */ = {isa = PBXBuildFile; fileRef = A7F3EB8A265D9B400098CDB2 /* Dices.swift */; };
/* End PBXBuildFile section */

/* Begin PBXFileReference section */
		A7F3EB71265D87390098CDB2 /* Milestone1618.app */ = {isa = PBXFileReference; explicitFileType = wrapper.application; includeInIndex = 0; path = Milestone1618.app; sourceTree = BUILT_PRODUCTS_DIR; };
		A7F3EB74265D87390098CDB2 /* Milestone1618App.swift */ = {isa = PBXFileReference; lastKnownFileType = sourcecode.swift; path = Milestone1618App.swift; sourceTree = "<group>"; };
		A7F3EB76265D87390098CDB2 /* ContentView.swift */ = {isa = PBXFileReference; lastKnownFileType = sourcecode.swift; path = ContentView.swift; sourceTree = "<group>"; };
		A7F3EB78265D873A0098CDB2 /* Assets.xcassets */ = {isa = PBXFileReference; lastKnownFileType = folder.assetcatalog; path = Assets.xcassets; sourceTree = "<group>"; };
		A7F3EB7B265D873A0098CDB2 /* Preview Assets.xcassets */ = {isa = PBXFileReference; lastKnownFileType = folder.assetcatalog; path = "Preview Assets.xcassets"; sourceTree = "<group>"; };
		A7F3EB7D265D873A0098CDB2 /* Info.plist */ = {isa = PBXFileReference; lastKnownFileType = text.plist.xml; path = Info.plist; sourceTree = "<group>"; };
		A7F3EB84265D96AF0098CDB2 /* DiceView.swift */ = {isa = PBXFileReference; lastKnownFileType = sourcecode.swift; path = DiceView.swift; sourceTree = "<group>"; };
		A7F3EB87265D97330098CDB2 /* HistoryView.swift */ = {isa = PBXFileReference; lastKnownFileType = sourcecode.swift; path = HistoryView.swift; sourceTree = "<group>"; };
		A7F3EB8A265D9B400098CDB2 /* Dices.swift */ = {isa = PBXFileReference; lastKnownFileType = sourcecode.swift; path = Dices.swift; sourceTree = "<group>"; };
/* End PBXFileReference section */

/* Begin PBXFrameworksBuildPhase section */
		A7F3EB6E265D87390098CDB2 /* Frameworks */ = {
			isa = PBXFrameworksBuildPhase;
			buildActionMask = 2147483647;
			files = (
			);
			runOnlyForDeploymentPostprocessing = 0;
		};
/* End PBXFrameworksBuildPhase section */

/* Begin PBXGroup section */
		A7F3EB68265D87390098CDB2 = {
			isa = PBXGroup;
			children = (
				A7F3EB73265D87390098CDB2 /* Milestone1618 */,
				A7F3EB72265D87390098CDB2 /* Products */,
			);
			sourceTree = "<group>";
		};
		A7F3EB72265D87390098CDB2 /* Products */ = {
			isa = PBXGroup;
			children = (
				A7F3EB71265D87390098CDB2 /* Milestone1618.app */,
			);
			name = Products;
			sourceTree = "<group>";
		};
		A7F3EB73265D87390098CDB2 /* Milestone1618 */ = {
			isa = PBXGroup;
			children = (
				A7F3EB74265D87390098CDB2 /* Milestone1618App.swift */,
				A7F3EB76265D87390098CDB2 /* ContentView.swift */,
				A7F3EB84265D96AF0098CDB2 /* DiceView.swift */,
				A7F3EB87265D97330098CDB2 /* HistoryView.swift */,
				A7F3EB78265D873A0098CDB2 /* Assets.xcassets */,
				A7F3EB7D265D873A0098CDB2 /* Info.plist */,
				A7F3EB7A265D873A0098CDB2 /* Preview Content */,
				A7F3EB8A265D9B400098CDB2 /* Dices.swift */,
			);
			path = Milestone1618;
			sourceTree = "<group>";
		};
		A7F3EB7A265D873A0098CDB2 /* Preview Content */ = {
			isa = PBXGroup;
			children = (
				A7F3EB7B265D873A0098CDB2 /* Preview Assets.xcassets */,
			);
			path = "Preview Content";
			sourceTree = "<group>";
		};
/* End PBXGroup section */

/* Begin PBXNativeTarget section */
		A7F3EB70265D87390098CDB2 /* Milestone1618 */ = {
			isa = PBXNativeTarget;
			buildConfigurationList = A7F3EB80265D873A0098CDB2 /* Build configuration list for PBXNativeTarget "Milestone1618" */;
			buildPhases = (
				A7F3EB6D265D87390098CDB2 /* Sources */,
				A7F3EB6E265D87390098CDB2 /* Frameworks */,
				A7F3EB6F265D87390098CDB2 /* Resources */,
			);
			buildRules = (
			);
			dependencies = (
			);
			name = Milestone1618;
			productName = Milestone1618;
			productReference = A7F3EB71265D87390098CDB2 /* Milestone1618.app */;
			productType = "com.apple.product-type.application";
		};
/* End PBXNativeTarget section */

/* Begin PBXProject section */
		A7F3EB69265D87390098CDB2 /* Project object */ = {
			isa = PBXProject;
			attributes = {
				LastSwiftUpdateCheck = 1220;
				LastUpgradeCheck = 1220;
				TargetAttributes = {
					A7F3EB70265D87390098CDB2 = {
						CreatedOnToolsVersion = 12.2;
					};
				};
			};
			buildConfigurationList = A7F3EB6C265D87390098CDB2 /* Build configuration list for PBXProject "Milestone1618" */;
			compatibilityVersion = "Xcode 9.3";
			developmentRegion = en;
			hasScannedForEncodings = 0;
			knownRegions = (
				en,
				Base,
			);
			mainGroup = A7F3EB68265D87390098CDB2;
			productRefGroup = A7F3EB72265D87390098CDB2 /* Products */;
			projectDirPath = "";
			projectRoot = "";
			targets = (
				A7F3EB70265D87390098CDB2 /* Milestone1618 */,
			);
		};
/* End PBXProject section */

/* Begin PBXResourcesBuildPhase section */
		A7F3EB6F265D87390098CDB2 /* Resources */ = {
			isa = PBXResourcesBuildPhase;
			buildActionMask = 2147483647;
			files = (
				A7F3EB7C265D873A0098CDB2 /* Preview Assets.xcassets in Resources */,
				A7F3EB79265D873A0098CDB2 /* Assets.xcassets in Resources */,
			);
			runOnlyForDeploymentPostprocessing = 0;
		};
/* End PBXResourcesBuildPhase section */

/* Begin PBXSourcesBuildPhase section */
		A7F3EB6D265D87390098CDB2 /* Sources */ = {
			isa = PBXSourcesBuildPhase;
			buildActionMask = 2147483647;
			files = (
				A7F3EB77265D87390098CDB2 /* ContentView.swift in Sources */,
				A7F3EB8B265D9B400098CDB2 /* Dices.swift in Sources */,
				A7F3EB88265D97330098CDB2 /* HistoryView.swift in Sources */,
				A7F3EB85265D96AF0098CDB2 /* DiceView.swift in Sources */,
				A7F3EB75265D87390098CDB2 /* Milestone1618App.swift in Sources */,
			);
			runOnlyForDeploymentPostprocessing = 0;
		};
/* End PBXSourcesBuildPhase section */

/* Begin XCBuildConfiguration section */
		A7F3EB7E265D873A0098CDB2 /* Debug */ = {
			isa = XCBuildConfiguration;
			buildSettings = {
				ALWAYS_SEARCH_USER_PATHS = NO;
				CLANG_ANALYZER_NONNULL = YES;
				CLANG_ANALYZER_NUMBER_OBJECT_CONVERSION = YES_AGGRESSIVE;
				CLANG_CXX_LANGUAGE_STANDARD = "gnu++14";
				CLANG_CXX_LIBRARY = "libc++";
				CLANG_ENABLE_MODULES = YES;
				CLANG_ENABLE_OBJC_ARC = YES;
				CLANG_ENABLE_OBJC_WEAK = YES;
				CLANG_WARN_BLOCK_CAPTURE_AUTORELEASING = YES;
				CLANG_WARN_BOOL_CONVERSION = YES;
				CLANG_WARN_COMMA = YES;
				CLANG_WARN_CONSTANT_CONVERSION = YES;
				CLANG_WARN_DEPRECATED_OBJC_IMPLEMENTATIONS = YES;
				CLANG_WARN_DIRECT_OBJC_ISA_USAGE = YES_ERROR;
				CLANG_WARN_DOCUMENTATION_COMMENTS = YES;
				CLANG_WARN_EMPTY_BODY = YES;
				CLANG_WARN_ENUM_CONVERSION = YES;
				CLANG_WARN_INFINITE_RECURSION = YES;
				CLANG_WARN_INT_CONVERSION = YES;
				CLANG_WARN_NON_LITERAL_NULL_CONVERSION = YES;
				CLANG_WARN_OBJC_IMPLICIT_RETAIN_SELF = YES;
				CLANG_WARN_OBJC_LITERAL_CONVERSION = YES;
				CLANG_WARN_OBJC_ROOT_CLASS = YES_ERROR;
				CLANG_WARN_QUOTED_INCLUDE_IN_FRAMEWORK_HEADER = YES;
				CLANG_WARN_RANGE_LOOP_ANALYSIS = YES;
				CLANG_WARN_STRICT_PROTOTYPES = YES;
				CLANG_WARN_SUSPICIOUS_MOVE = YES;
				CLANG_WARN_UNGUARDED_AVAILABILITY = YES_AGGRESSIVE;
				CLANG_WARN_UNREACHABLE_CODE = YES;
				CLANG_WARN__DUPLICATE_METHOD_MATCH = YES;
				COPY_PHASE_STRIP = NO;
				DEBUG_INFORMATION_FORMAT = dwarf;
				ENABLE_STRICT_OBJC_MSGSEND = YES;
				ENABLE_TESTABILITY = YES;
				GCC_C_LANGUAGE_STANDARD = gnu11;
				GCC_DYNAMIC_NO_PIC = NO;
				GCC_NO_COMMON_BLOCKS = YES;
				GCC_OPTIMIZATION_LEVEL = 0;
				GCC_PREPROCESSOR_DEFINITIONS = (
					"DEBUG=1",
					"$(inherited)",
				);
				GCC_WARN_64_TO_32_BIT_CONVERSION = YES;
				GCC_WARN_ABOUT_RETURN_TYPE = YES_ERROR;
				GCC_WARN_UNDECLARED_SELECTOR = YES;
				GCC_WARN_UNINITIALIZED_AUTOS = YES_AGGRESSIVE;
				GCC_WARN_UNUSED_FUNCTION = YES;
				GCC_WARN_UNUSED_VARIABLE = YES;
				IPHONEOS_DEPLOYMENT_TARGET = 14.2;
				MTL_ENABLE_DEBUG_INFO = INCLUDE_SOURCE;
				MTL_FAST_MATH = YES;
				ONLY_ACTIVE_ARCH = YES;
				SDKROOT = iphoneos;
				SWIFT_ACTIVE_COMPILATION_CONDITIONS = DEBUG;
				SWIFT_OPTIMIZATION_LEVEL = "-Onone";
			};
			name = Debug;
		};
		A7F3EB7F265D873A0098CDB2 /* Release */ = {
			isa = XCBuildConfiguration;
			buildSettings = {
				ALWAYS_SEARCH_USER_PATHS = NO;
				CLANG_ANALYZER_NONNULL = YES;
				CLANG_ANALYZER_NUMBER_OBJECT_CONVERSION = YES_AGGRESSIVE;
				CLANG_CXX_LANGUAGE_STANDARD = "gnu++14";
				CLANG_CXX_LIBRARY = "libc++";
				CLANG_ENABLE_MODULES = YES;
				CLANG_ENABLE_OBJC_ARC = YES;
				CLANG_ENABLE_OBJC_WEAK = YES;
				CLANG_WARN_BLOCK_CAPTURE_AUTORELEASING = YES;
				CLANG_WARN_BOOL_CONVERSION = YES;
				CLANG_WARN_COMMA = YES;
				CLANG_WARN_CONSTANT_CONVERSION = YES;
				CLANG_WARN_DEPRECATED_OBJC_IMPLEMENTATIONS = YES;
				CLANG_WARN_DIRECT_OBJC_ISA_USAGE = YES_ERROR;
				CLANG_WARN_DOCUMENTATION_COMMENTS = YES;
				CLANG_WARN_EMPTY_BODY = YES;
				CLANG_WARN_ENUM_CONVERSION = YES;
				CLANG_WARN_INFINITE_RECURSION = YES;
				CLANG_WARN_INT_CONVERSION = YES;
				CLANG_WARN_NON_LITERAL_NULL_CONVERSION = YES;
				CLANG_WARN_OBJC_IMPLICIT_RETAIN_SELF = YES;
				CLANG_WARN_OBJC_LITERAL_CONVERSION = YES;
				CLANG_WARN_OBJC_ROOT_CLASS = YES_ERROR;
				CLANG_WARN_QUOTED_INCLUDE_IN_FRAMEWORK_HEADER = YES;
				CLANG_WARN_RANGE_LOOP_ANALYSIS = YES;
				CLANG_WARN_STRICT_PROTOTYPES = YES;
				CLANG_WARN_SUSPICIOUS_MOVE = YES;
				CLANG_WARN_UNGUARDED_AVAILABILITY = YES_AGGRESSIVE;
				CLANG_WARN_UNREACHABLE_CODE = YES;
				CLANG_WARN__DUPLICATE_METHOD_MATCH = YES;
				COPY_PHASE_STRIP = NO;
				DEBUG_INFORMATION_FORMAT = "dwarf-with-dsym";
				ENABLE_NS_ASSERTIONS = NO;
				ENABLE_STRICT_OBJC_MSGSEND = YES;
				GCC_C_LANGUAGE_STANDARD = gnu11;
				GCC_NO_COMMON_BLOCKS = YES;
				GCC_WARN_64_TO_32_BIT_CONVERSION = YES;
				GCC_WARN_ABOUT_RETURN_TYPE = YES_ERROR;
				GCC_WARN_UNDECLARED_SELECTOR = YES;
				GCC_WARN_UNINITIALIZED_AUTOS = YES_AGGRESSIVE;
				GCC_WARN_UNUSED_FUNCTION = YES;
				GCC_WARN_UNUSED_VARIABLE = YES;
				IPHONEOS_DEPLOYMENT_TARGET = 14.2;
				MTL_ENABLE_DEBUG_INFO = NO;
				MTL_FAST_MATH = YES;
				SDKROOT = iphoneos;
				SWIFT_COMPILATION_MODE = wholemodule;
				SWIFT_OPTIMIZATION_LEVEL = "-O";
				VALIDATE_PRODUCT = YES;
			};
			name = Release;
		};
		A7F3EB81265D873A0098CDB2 /* Debug */ = {
			isa = XCBuildConfiguration;
			buildSettings = {
				ASSETCATALOG_COMPILER_APPICON_NAME = AppIcon;
				ASSETCATALOG_COMPILER_GLOBAL_ACCENT_COLOR_NAME = AccentColor;
				CODE_SIGN_STYLE = Automatic;
				DEVELOPMENT_ASSET_PATHS = "\"Milestone1618/Preview Content\"";
				DEVELOPMENT_TEAM = JS7SZYV8ND;
				ENABLE_PREVIEWS = YES;
				INFOPLIST_FILE = Milestone1618/Info.plist;
				IPHONEOS_DEPLOYMENT_TARGET = 14.0;
				LD_RUNPATH_SEARCH_PATHS = (
					"$(inherited)",
					"@executable_path/Frameworks",
				);
				PRODUCT_BUNDLE_IDENTIFIER = beknar.Milestone1618;
				PRODUCT_NAME = "$(TARGET_NAME)";
				SWIFT_VERSION = 5.0;
				TARGETED_DEVICE_FAMILY = "1,2";
			};
			name = Debug;
		};
		A7F3EB82265D873A0098CDB2 /* Release */ = {
			isa = XCBuildConfiguration;
			buildSettings = {
				ASSETCATALOG_COMPILER_APPICON_NAME = AppIcon;
				ASSETCATALOG_COMPILER_GLOBAL_ACCENT_COLOR_NAME = AccentColor;
				CODE_SIGN_STYLE = Automatic;
				DEVELOPMENT_ASSET_PATHS = "\"Milestone1618/Preview Content\"";
				DEVELOPMENT_TEAM = JS7SZYV8ND;
				ENABLE_PREVIEWS = YES;
				INFOPLIST_FILE = Milestone1618/Info.plist;
				IPHONEOS_DEPLOYMENT_TARGET = 14.0;
				LD_RUNPATH_SEARCH_PATHS = (
					"$(inherited)",
					"@executable_path/Frameworks",
				);
				PRODUCT_BUNDLE_IDENTIFIER = beknar.Milestone1618;
				PRODUCT_NAME = "$(TARGET_NAME)";
				SWIFT_VERSION = 5.0;
				TARGETED_DEVICE_FAMILY = "1,2";
			};
			name = Release;
		};
/* End XCBuildConfiguration section */

/* Begin XCConfigurationList section */
		A7F3EB6C265D87390098CDB2 /* Build configuration list for PBXProject "Milestone1618" */ = {
			isa = XCConfigurationList;
			buildConfigurations = (
				A7F3EB7E265D873A0098CDB2 /* Debug */,
				A7F3EB7F265D873A0098CDB2 /* Release */,
			);
			defaultConfigurationIsVisible = 0;
			defaultConfigurationName = Release;
		};
		A7F3EB80265D873A0098CDB2 /* Build configuration list for PBXNativeTarget "Milestone1618" */ = {
			isa = XCConfigurationList;
			buildConfigurations = (
				A7F3EB81265D873A0098CDB2 /* Debug */,
				A7F3EB82265D873A0098CDB2 /* Release */,
			);
			defaultConfigurationIsVisible = 0;
			defaultConfigurationName = Release;
		};
/* End XCConfigurationList section */
	};
	rootObject = A7F3EB69265D87390098CDB2 /* Project object */;
}
