// !$*UTF8*$!
{
	archiveVersion = 1;
	classes = {
	};
	objectVersion = 50;
	objects = {

/* Begin PBXBuildFile section */
		A7B118202511237200482281 /* AddBookView.swift in Sources */ = {isa = PBXBuildFile; fileRef = A7B1181F2511237200482281 /* AddBookView.swift */; };
		A7DB9ED8250EA5840002AFE3 /* AppDelegate.swift in Sources */ = {isa = PBXBuildFile; fileRef = A7DB9ED7250EA5840002AFE3 /* AppDelegate.swift */; };
		A7DB9EDA250EA5840002AFE3 /* SceneDelegate.swift in Sources */ = {isa = PBXBuildFile; fileRef = A7DB9ED9250EA5840002AFE3 /* SceneDelegate.swift */; };
		A7DB9EDD250EA5840002AFE3 /* Bookworm.xcdatamodeld in Sources */ = {isa = PBXBuildFile; fileRef = A7DB9EDB250EA5840002AFE3 /* Bookworm.xcdatamodeld */; };
		A7DB9EDF250EA5840002AFE3 /* ContentView.swift in Sources */ = {isa = PBXBuildFile; fileRef = A7DB9EDE250EA5840002AFE3 /* ContentView.swift */; };
		A7DB9EE1250EA5850002AFE3 /* Assets.xcassets in Resources */ = {isa = PBXBuildFile; fileRef = A7DB9EE0250EA5850002AFE3 /* Assets.xcassets */; };
		A7DB9EE4250EA5850002AFE3 /* Preview Assets.xcassets in Resources */ = {isa = PBXBuildFile; fileRef = A7DB9EE3250EA5850002AFE3 /* Preview Assets.xcassets */; };
		A7DB9EE7250EA5850002AFE3 /* LaunchScreen.storyboard in Resources */ = {isa = PBXBuildFile; fileRef = A7DB9EE5250EA5850002AFE3 /* LaunchScreen.storyboard */; };
/* End PBXBuildFile section */

/* Begin PBXFileReference section */
		A7B1181F2511237200482281 /* AddBookView.swift */ = {isa = PBXFileReference; lastKnownFileType = sourcecode.swift; path = AddBookView.swift; sourceTree = "<group>"; };
		A7DB9ED4250EA5840002AFE3 /* Bookworm.app */ = {isa = PBXFileReference; explicitFileType = wrapper.application; includeInIndex = 0; path = Bookworm.app; sourceTree = BUILT_PRODUCTS_DIR; };
		A7DB9ED7250EA5840002AFE3 /* AppDelegate.swift */ = {isa = PBXFileReference; lastKnownFileType = sourcecode.swift; path = AppDelegate.swift; sourceTree = "<group>"; };
		A7DB9ED9250EA5840002AFE3 /* SceneDelegate.swift */ = {isa = PBXFileReference; lastKnownFileType = sourcecode.swift; path = SceneDelegate.swift; sourceTree = "<group>"; };
		A7DB9EDC250EA5840002AFE3 /* Bookworm.xcdatamodel */ = {isa = PBXFileReference; lastKnownFileType = wrapper.xcdatamodel; path = Bookworm.xcdatamodel; sourceTree = "<group>"; };
		A7DB9EDE250EA5840002AFE3 /* ContentView.swift */ = {isa = PBXFileReference; lastKnownFileType = sourcecode.swift; path = ContentView.swift; sourceTree = "<group>"; };
		A7DB9EE0250EA5850002AFE3 /* Assets.xcassets */ = {isa = PBXFileReference; lastKnownFileType = folder.assetcatalog; path = Assets.xcassets; sourceTree = "<group>"; };
		A7DB9EE3250EA5850002AFE3 /* Preview Assets.xcassets */ = {isa = PBXFileReference; lastKnownFileType = folder.assetcatalog; path = "Preview Assets.xcassets"; sourceTree = "<group>"; };
		A7DB9EE6250EA5850002AFE3 /* Base */ = {isa = PBXFileReference; lastKnownFileType = file.storyboard; name = Base; path = Base.lproj/LaunchScreen.storyboard; sourceTree = "<group>"; };
		A7DB9EE8250EA5850002AFE3 /* Info.plist */ = {isa = PBXFileReference; lastKnownFileType = text.plist.xml; path = Info.plist; sourceTree = "<group>"; };
/* End PBXFileReference section */

/* Begin PBXFrameworksBuildPhase section */
		A7DB9ED1250EA5840002AFE3 /* Frameworks */ = {
			isa = PBXFrameworksBuildPhase;
			buildActionMask = 2147483647;
			files = (
			);
			runOnlyForDeploymentPostprocessing = 0;
		};
/* End PBXFrameworksBuildPhase section */

/* Begin PBXGroup section */
		A7DB9ECB250EA5840002AFE3 = {
			isa = PBXGroup;
			children = (
				A7DB9ED6250EA5840002AFE3 /* Bookworm */,
				A7DB9ED5250EA5840002AFE3 /* Products */,
			);
			sourceTree = "<group>";
		};
		A7DB9ED5250EA5840002AFE3 /* Products */ = {
			isa = PBXGroup;
			children = (
				A7DB9ED4250EA5840002AFE3 /* Bookworm.app */,
			);
			name = Products;
			sourceTree = "<group>";
		};
		A7DB9ED6250EA5840002AFE3 /* Bookworm */ = {
			isa = PBXGroup;
			children = (
				A7DB9ED7250EA5840002AFE3 /* AppDelegate.swift */,
				A7DB9ED9250EA5840002AFE3 /* SceneDelegate.swift */,
				A7DB9EDE250EA5840002AFE3 /* ContentView.swift */,
				A7DB9EE0250EA5850002AFE3 /* Assets.xcassets */,
				A7DB9EE5250EA5850002AFE3 /* LaunchScreen.storyboard */,
				A7DB9EE8250EA5850002AFE3 /* Info.plist */,
				A7DB9EDB250EA5840002AFE3 /* Bookworm.xcdatamodeld */,
				A7DB9EE2250EA5850002AFE3 /* Preview Content */,
				A7B1181F2511237200482281 /* AddBookView.swift */,
			);
			path = Bookworm;
			sourceTree = "<group>";
		};
		A7DB9EE2250EA5850002AFE3 /* Preview Content */ = {
			isa = PBXGroup;
			children = (
				A7DB9EE3250EA5850002AFE3 /* Preview Assets.xcassets */,
			);
			path = "Preview Content";
			sourceTree = "<group>";
		};
/* End PBXGroup section */

/* Begin PBXNativeTarget section */
		A7DB9ED3250EA5840002AFE3 /* Bookworm */ = {
			isa = PBXNativeTarget;
			buildConfigurationList = A7DB9EEB250EA5850002AFE3 /* Build configuration list for PBXNativeTarget "Bookworm" */;
			buildPhases = (
				A7DB9ED0250EA5840002AFE3 /* Sources */,
				A7DB9ED1250EA5840002AFE3 /* Frameworks */,
				A7DB9ED2250EA5840002AFE3 /* Resources */,
			);
			buildRules = (
			);
			dependencies = (
			);
			name = Bookworm;
			productName = Bookworm;
			productReference = A7DB9ED4250EA5840002AFE3 /* Bookworm.app */;
			productType = "com.apple.product-type.application";
		};
/* End PBXNativeTarget section */

/* Begin PBXProject section */
		A7DB9ECC250EA5840002AFE3 /* Project object */ = {
			isa = PBXProject;
			attributes = {
				LastSwiftUpdateCheck = 1170;
				LastUpgradeCheck = 1170;
				ORGANIZATIONNAME = "Beknar Danabek";
				TargetAttributes = {
					A7DB9ED3250EA5840002AFE3 = {
						CreatedOnToolsVersion = 11.7;
					};
				};
			};
			buildConfigurationList = A7DB9ECF250EA5840002AFE3 /* Build configuration list for PBXProject "Bookworm" */;
			compatibilityVersion = "Xcode 9.3";
			developmentRegion = en;
			hasScannedForEncodings = 0;
			knownRegions = (
				en,
				Base,
			);
			mainGroup = A7DB9ECB250EA5840002AFE3;
			productRefGroup = A7DB9ED5250EA5840002AFE3 /* Products */;
			projectDirPath = "";
			projectRoot = "";
			targets = (
				A7DB9ED3250EA5840002AFE3 /* Bookworm */,
			);
		};
/* End PBXProject section */

/* Begin PBXResourcesBuildPhase section */
		A7DB9ED2250EA5840002AFE3 /* Resources */ = {
			isa = PBXResourcesBuildPhase;
			buildActionMask = 2147483647;
			files = (
				A7DB9EE7250EA5850002AFE3 /* LaunchScreen.storyboard in Resources */,
				A7DB9EE4250EA5850002AFE3 /* Preview Assets.xcassets in Resources */,
				A7DB9EE1250EA5850002AFE3 /* Assets.xcassets in Resources */,
			);
			runOnlyForDeploymentPostprocessing = 0;
		};
/* End PBXResourcesBuildPhase section */

/* Begin PBXSourcesBuildPhase section */
		A7DB9ED0250EA5840002AFE3 /* Sources */ = {
			isa = PBXSourcesBuildPhase;
			buildActionMask = 2147483647;
			files = (
				A7DB9ED8250EA5840002AFE3 /* AppDelegate.swift in Sources */,
				A7DB9EDD250EA5840002AFE3 /* Bookworm.xcdatamodeld in Sources */,
				A7DB9EDF250EA5840002AFE3 /* ContentView.swift in Sources */,
				A7DB9EDA250EA5840002AFE3 /* SceneDelegate.swift in Sources */,
				A7B118202511237200482281 /* AddBookView.swift in Sources */,
			);
			runOnlyForDeploymentPostprocessing = 0;
		};
/* End PBXSourcesBuildPhase section */

/* Begin PBXVariantGroup section */
		A7DB9EE5250EA5850002AFE3 /* LaunchScreen.storyboard */ = {
			isa = PBXVariantGroup;
			children = (
				A7DB9EE6250EA5850002AFE3 /* Base */,
			);
			name = LaunchScreen.storyboard;
			sourceTree = "<group>";
		};
/* End PBXVariantGroup section */

/* Begin XCBuildConfiguration section */
		A7DB9EE9250EA5850002AFE3 /* Debug */ = {
			isa = XCBuildConfiguration;
			buildSettings = {
				ALWAYS_SEARCH_USER_PATHS = NO;
				CLANG_ANALYZER_NONNULL = YES;
				CLANG_ANALYZER_NUMBER_OBJECT_CONVERSION = YES_AGGRESSIVE;
				CLANG_CXX_LANGUAGE_STANDARD = "gnu++14";
				CLANG_CXX_LIBRARY = "libc++";
				CLANG_ENABLE_MODULES = YES;
				CLANG_ENABLE_OBJC_ARC = YES;
				CLANG_ENABLE_OBJC_WEAK = YES;
				CLANG_WARN_BLOCK_CAPTURE_AUTORELEASING = YES;
				CLANG_WARN_BOOL_CONVERSION = YES;
				CLANG_WARN_COMMA = YES;
				CLANG_WARN_CONSTANT_CONVERSION = YES;
				CLANG_WARN_DEPRECATED_OBJC_IMPLEMENTATIONS = YES;
				CLANG_WARN_DIRECT_OBJC_ISA_USAGE = YES_ERROR;
				CLANG_WARN_DOCUMENTATION_COMMENTS = YES;
				CLANG_WARN_EMPTY_BODY = YES;
				CLANG_WARN_ENUM_CONVERSION = YES;
				CLANG_WARN_INFINITE_RECURSION = YES;
				CLANG_WARN_INT_CONVERSION = YES;
				CLANG_WARN_NON_LITERAL_NULL_CONVERSION = YES;
				CLANG_WARN_OBJC_IMPLICIT_RETAIN_SELF = YES;
				CLANG_WARN_OBJC_LITERAL_CONVERSION = YES;
				CLANG_WARN_OBJC_ROOT_CLASS = YES_ERROR;
				CLANG_WARN_RANGE_LOOP_ANALYSIS = YES;
				CLANG_WARN_STRICT_PROTOTYPES = YES;
				CLANG_WARN_SUSPICIOUS_MOVE = YES;
				CLANG_WARN_UNGUARDED_AVAILABILITY = YES_AGGRESSIVE;
				CLANG_WARN_UNREACHABLE_CODE = YES;
				CLANG_WARN__DUPLICATE_METHOD_MATCH = YES;
				COPY_PHASE_STRIP = NO;
				DEBUG_INFORMATION_FORMAT = dwarf;
				ENABLE_STRICT_OBJC_MSGSEND = YES;
				ENABLE_TESTABILITY = YES;
				GCC_C_LANGUAGE_STANDARD = gnu11;
				GCC_DYNAMIC_NO_PIC = NO;
				GCC_NO_COMMON_BLOCKS = YES;
				GCC_OPTIMIZATION_LEVEL = 0;
				GCC_PREPROCESSOR_DEFINITIONS = (
					"DEBUG=1",
					"$(inherited)",
				);
				GCC_WARN_64_TO_32_BIT_CONVERSION = YES;
				GCC_WARN_ABOUT_RETURN_TYPE = YES_ERROR;
				GCC_WARN_UNDECLARED_SELECTOR = YES;
				GCC_WARN_UNINITIALIZED_AUTOS = YES_AGGRESSIVE;
				GCC_WARN_UNUSED_FUNCTION = YES;
				GCC_WARN_UNUSED_VARIABLE = YES;
				IPHONEOS_DEPLOYMENT_TARGET = 13.7;
				MTL_ENABLE_DEBUG_INFO = INCLUDE_SOURCE;
				MTL_FAST_MATH = YES;
				ONLY_ACTIVE_ARCH = YES;
				SDKROOT = iphoneos;
				SWIFT_ACTIVE_COMPILATION_CONDITIONS = DEBUG;
				SWIFT_OPTIMIZATION_LEVEL = "-Onone";
			};
			name = Debug;
		};
		A7DB9EEA250EA5850002AFE3 /* Release */ = {
			isa = XCBuildConfiguration;
			buildSettings = {
				ALWAYS_SEARCH_USER_PATHS = NO;
				CLANG_ANALYZER_NONNULL = YES;
				CLANG_ANALYZER_NUMBER_OBJECT_CONVERSION = YES_AGGRESSIVE;
				CLANG_CXX_LANGUAGE_STANDARD = "gnu++14";
				CLANG_CXX_LIBRARY = "libc++";
				CLANG_ENABLE_MODULES = YES;
				CLANG_ENABLE_OBJC_ARC = YES;
				CLANG_ENABLE_OBJC_WEAK = YES;
				CLANG_WARN_BLOCK_CAPTURE_AUTORELEASING = YES;
				CLANG_WARN_BOOL_CONVERSION = YES;
				CLANG_WARN_COMMA = YES;
				CLANG_WARN_CONSTANT_CONVERSION = YES;
				CLANG_WARN_DEPRECATED_OBJC_IMPLEMENTATIONS = YES;
				CLANG_WARN_DIRECT_OBJC_ISA_USAGE = YES_ERROR;
				CLANG_WARN_DOCUMENTATION_COMMENTS = YES;
				CLANG_WARN_EMPTY_BODY = YES;
				CLANG_WARN_ENUM_CONVERSION = YES;
				CLANG_WARN_INFINITE_RECURSION = YES;
				CLANG_WARN_INT_CONVERSION = YES;
				CLANG_WARN_NON_LITERAL_NULL_CONVERSION = YES;
				CLANG_WARN_OBJC_IMPLICIT_RETAIN_SELF = YES;
				CLANG_WARN_OBJC_LITERAL_CONVERSION = YES;
				CLANG_WARN_OBJC_ROOT_CLASS = YES_ERROR;
				CLANG_WARN_RANGE_LOOP_ANALYSIS = YES;
				CLANG_WARN_STRICT_PROTOTYPES = YES;
				CLANG_WARN_SUSPICIOUS_MOVE = YES;
				CLANG_WARN_UNGUARDED_AVAILABILITY = YES_AGGRESSIVE;
				CLANG_WARN_UNREACHABLE_CODE = YES;
				CLANG_WARN__DUPLICATE_METHOD_MATCH = YES;
				COPY_PHASE_STRIP = NO;
				DEBUG_INFORMATION_FORMAT = "dwarf-with-dsym";
				ENABLE_NS_ASSERTIONS = NO;
				ENABLE_STRICT_OBJC_MSGSEND = YES;
				GCC_C_LANGUAGE_STANDARD = gnu11;
				GCC_NO_COMMON_BLOCKS = YES;
				GCC_WARN_64_TO_32_BIT_CONVERSION = YES;
				GCC_WARN_ABOUT_RETURN_TYPE = YES_ERROR;
				GCC_WARN_UNDECLARED_SELECTOR = YES;
				GCC_WARN_UNINITIALIZED_AUTOS = YES_AGGRESSIVE;
				GCC_WARN_UNUSED_FUNCTION = YES;
				GCC_WARN_UNUSED_VARIABLE = YES;
				IPHONEOS_DEPLOYMENT_TARGET = 13.7;
				MTL_ENABLE_DEBUG_INFO = NO;
				MTL_FAST_MATH = YES;
				SDKROOT = iphoneos;
				SWIFT_COMPILATION_MODE = wholemodule;
				SWIFT_OPTIMIZATION_LEVEL = "-O";
				VALIDATE_PRODUCT = YES;
			};
			name = Release;
		};
		A7DB9EEC250EA5850002AFE3 /* Debug */ = {
			isa = XCBuildConfiguration;
			buildSettings = {
				ASSETCATALOG_COMPILER_APPICON_NAME = AppIcon;
				CODE_SIGN_STYLE = Automatic;
				DEVELOPMENT_ASSET_PATHS = "\"Bookworm/Preview Content\"";
				DEVELOPMENT_TEAM = 5HKK5ABU42;
				ENABLE_PREVIEWS = YES;
				INFOPLIST_FILE = Bookworm/Info.plist;
				LD_RUNPATH_SEARCH_PATHS = (
					"$(inherited)",
					"@executable_path/Frameworks",
				);
				PRODUCT_BUNDLE_IDENTIFIER = com.beknar.Bookworm;
				PRODUCT_NAME = "$(TARGET_NAME)";
				SWIFT_VERSION = 5.0;
				TARGETED_DEVICE_FAMILY = "1,2";
			};
			name = Debug;
		};
		A7DB9EED250EA5850002AFE3 /* Release */ = {
			isa = XCBuildConfiguration;
			buildSettings = {
				ASSETCATALOG_COMPILER_APPICON_NAME = AppIcon;
				CODE_SIGN_STYLE = Automatic;
				DEVELOPMENT_ASSET_PATHS = "\"Bookworm/Preview Content\"";
				DEVELOPMENT_TEAM = 5HKK5ABU42;
				ENABLE_PREVIEWS = YES;
				INFOPLIST_FILE = Bookworm/Info.plist;
				LD_RUNPATH_SEARCH_PATHS = (
					"$(inherited)",
					"@executable_path/Frameworks",
				);
				PRODUCT_BUNDLE_IDENTIFIER = com.beknar.Bookworm;
				PRODUCT_NAME = "$(TARGET_NAME)";
				SWIFT_VERSION = 5.0;
				TARGETED_DEVICE_FAMILY = "1,2";
			};
			name = Release;
		};
/* End XCBuildConfiguration section */

/* Begin XCConfigurationList section */
		A7DB9ECF250EA5840002AFE3 /* Build configuration list for PBXProject "Bookworm" */ = {
			isa = XCConfigurationList;
			buildConfigurations = (
				A7DB9EE9250EA5850002AFE3 /* Debug */,
				A7DB9EEA250EA5850002AFE3 /* Release */,
			);
			defaultConfigurationIsVisible = 0;
			defaultConfigurationName = Release;
		};
		A7DB9EEB250EA5850002AFE3 /* Build configuration list for PBXNativeTarget "Bookworm" */ = {
			isa = XCConfigurationList;
			buildConfigurations = (
				A7DB9EEC250EA5850002AFE3 /* Debug */,
				A7DB9EED250EA5850002AFE3 /* Release */,
			);
			defaultConfigurationIsVisible = 0;
			defaultConfigurationName = Release;
		};
/* End XCConfigurationList section */

/* Begin XCVersionGroup section */
		A7DB9EDB250EA5840002AFE3 /* Bookworm.xcdatamodeld */ = {
			isa = XCVersionGroup;
			children = (
				A7DB9EDC250EA5840002AFE3 /* Bookworm.xcdatamodel */,
			);
			currentVersion = A7DB9EDC250EA5840002AFE3 /* Bookworm.xcdatamodel */;
			path = Bookworm.xcdatamodeld;
			sourceTree = "<group>";
			versionGroupType = wrapper.xcdatamodel;
		};
/* End XCVersionGroup section */
	};
	rootObject = A7DB9ECC250EA5840002AFE3 /* Project object */;
}
