// !$*UTF8*$!
{
	archiveVersion = 1;
	classes = {
	};
	objectVersion = 50;
	objects = {

/* Begin PBXBuildFile section */
		A795597226591C5C0090C91C /* Milestone1315App.swift in Sources */ = {isa = PBXBuildFile; fileRef = A795597126591C5C0090C91C /* Milestone1315App.swift */; };
		A795597426591C5C0090C91C /* ContentView.swift in Sources */ = {isa = PBXBuildFile; fileRef = A795597326591C5C0090C91C /* ContentView.swift */; };
		A795597626591C5D0090C91C /* Assets.xcassets in Resources */ = {isa = PBXBuildFile; fileRef = A795597526591C5D0090C91C /* Assets.xcassets */; };
		A795597926591C5D0090C91C /* Preview Assets.xcassets in Resources */ = {isa = PBXBuildFile; fileRef = A795597826591C5D0090C91C /* Preview Assets.xcassets */; };
		A795598226591CDC0090C91C /* ImagePickerView.swift in Sources */ = {isa = PBXBuildFile; fileRef = A795598126591CDC0090C91C /* ImagePickerView.swift */; };
		A79559882659235F0090C91C /* Person.swift in Sources */ = {isa = PBXBuildFile; fileRef = A79559872659235F0090C91C /* Person.swift */; };
		A795598B26592B4E0090C91C /* DetailPersonView.swift in Sources */ = {isa = PBXBuildFile; fileRef = A795598A26592B4E0090C91C /* DetailPersonView.swift */; };
		A795598E26592C130090C91C /* PersonView.swift in Sources */ = {isa = PBXBuildFile; fileRef = A795598D26592C130090C91C /* PersonView.swift */; };
		A7BED1D52659712C008BFA19 /* PersonAlertView.swift in Sources */ = {isa = PBXBuildFile; fileRef = A7BED1D42659712C008BFA19 /* PersonAlertView.swift */; };
		A7BED1D8265972FA008BFA19 /* MapView.swift in Sources */ = {isa = PBXBuildFile; fileRef = A7BED1D7265972FA008BFA19 /* MapView.swift */; };
		A7BED1DB265973C4008BFA19 /* MKPointAnnotation-Codable.swift in Sources */ = {isa = PBXBuildFile; fileRef = A7BED1DA265973C4008BFA19 /* MKPointAnnotation-Codable.swift */; };
		A7BED1DF265977A8008BFA19 /* PersonMapView.swift in Sources */ = {isa = PBXBuildFile; fileRef = A7BED1DE265977A8008BFA19 /* PersonMapView.swift */; };
		A7BED1E226597C38008BFA19 /* LocationFetcher.swift in Sources */ = {isa = PBXBuildFile; fileRef = A7BED1E126597C38008BFA19 /* LocationFetcher.swift */; };
/* End PBXBuildFile section */

/* Begin PBXFileReference section */
		A795596E26591C5C0090C91C /* Milestone1315.app */ = {isa = PBXFileReference; explicitFileType = wrapper.application; includeInIndex = 0; path = Milestone1315.app; sourceTree = BUILT_PRODUCTS_DIR; };
		A795597126591C5C0090C91C /* Milestone1315App.swift */ = {isa = PBXFileReference; lastKnownFileType = sourcecode.swift; path = Milestone1315App.swift; sourceTree = "<group>"; };
		A795597326591C5C0090C91C /* ContentView.swift */ = {isa = PBXFileReference; lastKnownFileType = sourcecode.swift; path = ContentView.swift; sourceTree = "<group>"; };
		A795597526591C5D0090C91C /* Assets.xcassets */ = {isa = PBXFileReference; lastKnownFileType = folder.assetcatalog; path = Assets.xcassets; sourceTree = "<group>"; };
		A795597826591C5D0090C91C /* Preview Assets.xcassets */ = {isa = PBXFileReference; lastKnownFileType = folder.assetcatalog; path = "Preview Assets.xcassets"; sourceTree = "<group>"; };
		A795597A26591C5D0090C91C /* Info.plist */ = {isa = PBXFileReference; lastKnownFileType = text.plist.xml; path = Info.plist; sourceTree = "<group>"; };
		A795598126591CDC0090C91C /* ImagePickerView.swift */ = {isa = PBXFileReference; lastKnownFileType = sourcecode.swift; path = ImagePickerView.swift; sourceTree = "<group>"; };
		A79559872659235F0090C91C /* Person.swift */ = {isa = PBXFileReference; lastKnownFileType = sourcecode.swift; path = Person.swift; sourceTree = "<group>"; };
		A795598A26592B4E0090C91C /* DetailPersonView.swift */ = {isa = PBXFileReference; lastKnownFileType = sourcecode.swift; path = DetailPersonView.swift; sourceTree = "<group>"; };
		A795598D26592C130090C91C /* PersonView.swift */ = {isa = PBXFileReference; lastKnownFileType = sourcecode.swift; path = PersonView.swift; sourceTree = "<group>"; };
		A7BED1D42659712C008BFA19 /* PersonAlertView.swift */ = {isa = PBXFileReference; lastKnownFileType = sourcecode.swift; path = PersonAlertView.swift; sourceTree = "<group>"; };
		A7BED1D7265972FA008BFA19 /* MapView.swift */ = {isa = PBXFileReference; lastKnownFileType = sourcecode.swift; path = MapView.swift; sourceTree = "<group>"; };
		A7BED1DA265973C4008BFA19 /* MKPointAnnotation-Codable.swift */ = {isa = PBXFileReference; lastKnownFileType = sourcecode.swift; path = "MKPointAnnotation-Codable.swift"; sourceTree = "<group>"; };
		A7BED1DE265977A8008BFA19 /* PersonMapView.swift */ = {isa = PBXFileReference; lastKnownFileType = sourcecode.swift; path = PersonMapView.swift; sourceTree = "<group>"; };
		A7BED1E126597C38008BFA19 /* LocationFetcher.swift */ = {isa = PBXFileReference; lastKnownFileType = sourcecode.swift; path = LocationFetcher.swift; sourceTree = "<group>"; };
/* End PBXFileReference section */

/* Begin PBXFrameworksBuildPhase section */
		A795596B26591C5C0090C91C /* Frameworks */ = {
			isa = PBXFrameworksBuildPhase;
			buildActionMask = 2147483647;
			files = (
			);
			runOnlyForDeploymentPostprocessing = 0;
		};
/* End PBXFrameworksBuildPhase section */

/* Begin PBXGroup section */
		A795596526591C5C0090C91C = {
			isa = PBXGroup;
			children = (
				A795597026591C5C0090C91C /* Milestone1315 */,
				A795596F26591C5C0090C91C /* Products */,
			);
			sourceTree = "<group>";
		};
		A795596F26591C5C0090C91C /* Products */ = {
			isa = PBXGroup;
			children = (
				A795596E26591C5C0090C91C /* Milestone1315.app */,
			);
			name = Products;
			sourceTree = "<group>";
		};
		A795597026591C5C0090C91C /* Milestone1315 */ = {
			isa = PBXGroup;
			children = (
				A795597126591C5C0090C91C /* Milestone1315App.swift */,
				A795597326591C5C0090C91C /* ContentView.swift */,
				A795597526591C5D0090C91C /* Assets.xcassets */,
				A795597A26591C5D0090C91C /* Info.plist */,
				A795597726591C5D0090C91C /* Preview Content */,
				A795598126591CDC0090C91C /* ImagePickerView.swift */,
				A79559872659235F0090C91C /* Person.swift */,
				A795598A26592B4E0090C91C /* DetailPersonView.swift */,
				A795598D26592C130090C91C /* PersonView.swift */,
				A7BED1D42659712C008BFA19 /* PersonAlertView.swift */,
				A7BED1D7265972FA008BFA19 /* MapView.swift */,
				A7BED1DA265973C4008BFA19 /* MKPointAnnotation-Codable.swift */,
				A7BED1DE265977A8008BFA19 /* PersonMapView.swift */,
				A7BED1E126597C38008BFA19 /* LocationFetcher.swift */,
			);
			path = Milestone1315;
			sourceTree = "<group>";
		};
		A795597726591C5D0090C91C /* Preview Content */ = {
			isa = PBXGroup;
			children = (
				A795597826591C5D0090C91C /* Preview Assets.xcassets */,
			);
			path = "Preview Content";
			sourceTree = "<group>";
		};
/* End PBXGroup section */

/* Begin PBXNativeTarget section */
		A795596D26591C5C0090C91C /* Milestone1315 */ = {
			isa = PBXNativeTarget;
			buildConfigurationList = A795597D26591C5D0090C91C /* Build configuration list for PBXNativeTarget "Milestone1315" */;
			buildPhases = (
				A795596A26591C5C0090C91C /* Sources */,
				A795596B26591C5C0090C91C /* Frameworks */,
				A795596C26591C5C0090C91C /* Resources */,
			);
			buildRules = (
			);
			dependencies = (
			);
			name = Milestone1315;
			productName = Milestone1315;
			productReference = A795596E26591C5C0090C91C /* Milestone1315.app */;
			productType = "com.apple.product-type.application";
		};
/* End PBXNativeTarget section */

/* Begin PBXProject section */
		A795596626591C5C0090C91C /* Project object */ = {
			isa = PBXProject;
			attributes = {
				LastSwiftUpdateCheck = 1220;
				LastUpgradeCheck = 1220;
				TargetAttributes = {
					A795596D26591C5C0090C91C = {
						CreatedOnToolsVersion = 12.2;
					};
				};
			};
			buildConfigurationList = A795596926591C5C0090C91C /* Build configuration list for PBXProject "Milestone1315" */;
			compatibilityVersion = "Xcode 9.3";
			developmentRegion = en;
			hasScannedForEncodings = 0;
			knownRegions = (
				en,
				Base,
			);
			mainGroup = A795596526591C5C0090C91C;
			productRefGroup = A795596F26591C5C0090C91C /* Products */;
			projectDirPath = "";
			projectRoot = "";
			targets = (
				A795596D26591C5C0090C91C /* Milestone1315 */,
			);
		};
/* End PBXProject section */

/* Begin PBXResourcesBuildPhase section */
		A795596C26591C5C0090C91C /* Resources */ = {
			isa = PBXResourcesBuildPhase;
			buildActionMask = 2147483647;
			files = (
				A795597926591C5D0090C91C /* Preview Assets.xcassets in Resources */,
				A795597626591C5D0090C91C /* Assets.xcassets in Resources */,
			);
			runOnlyForDeploymentPostprocessing = 0;
		};
/* End PBXResourcesBuildPhase section */

/* Begin PBXSourcesBuildPhase section */
		A795596A26591C5C0090C91C /* Sources */ = {
			isa = PBXSourcesBuildPhase;
			buildActionMask = 2147483647;
			files = (
				A79559882659235F0090C91C /* Person.swift in Sources */,
				A795597426591C5C0090C91C /* ContentView.swift in Sources */,
				A7BED1D52659712C008BFA19 /* PersonAlertView.swift in Sources */,
				A795598226591CDC0090C91C /* ImagePickerView.swift in Sources */,
				A7BED1E226597C38008BFA19 /* LocationFetcher.swift in Sources */,
				A795598B26592B4E0090C91C /* DetailPersonView.swift in Sources */,
				A795597226591C5C0090C91C /* Milestone1315App.swift in Sources */,
				A7BED1DB265973C4008BFA19 /* MKPointAnnotation-Codable.swift in Sources */,
				A7BED1D8265972FA008BFA19 /* MapView.swift in Sources */,
				A7BED1DF265977A8008BFA19 /* PersonMapView.swift in Sources */,
				A795598E26592C130090C91C /* PersonView.swift in Sources */,
			);
			runOnlyForDeploymentPostprocessing = 0;
		};
/* End PBXSourcesBuildPhase section */

/* Begin XCBuildConfiguration section */
		A795597B26591C5D0090C91C /* Debug */ = {
			isa = XCBuildConfiguration;
			buildSettings = {
				ALWAYS_SEARCH_USER_PATHS = NO;
				CLANG_ANALYZER_NONNULL = YES;
				CLANG_ANALYZER_NUMBER_OBJECT_CONVERSION = YES_AGGRESSIVE;
				CLANG_CXX_LANGUAGE_STANDARD = "gnu++14";
				CLANG_CXX_LIBRARY = "libc++";
				CLANG_ENABLE_MODULES = YES;
				CLANG_ENABLE_OBJC_ARC = YES;
				CLANG_ENABLE_OBJC_WEAK = YES;
				CLANG_WARN_BLOCK_CAPTURE_AUTORELEASING = YES;
				CLANG_WARN_BOOL_CONVERSION = YES;
				CLANG_WARN_COMMA = YES;
				CLANG_WARN_CONSTANT_CONVERSION = YES;
				CLANG_WARN_DEPRECATED_OBJC_IMPLEMENTATIONS = YES;
				CLANG_WARN_DIRECT_OBJC_ISA_USAGE = YES_ERROR;
				CLANG_WARN_DOCUMENTATION_COMMENTS = YES;
				CLANG_WARN_EMPTY_BODY = YES;
				CLANG_WARN_ENUM_CONVERSION = YES;
				CLANG_WARN_INFINITE_RECURSION = YES;
				CLANG_WARN_INT_CONVERSION = YES;
				CLANG_WARN_NON_LITERAL_NULL_CONVERSION = YES;
				CLANG_WARN_OBJC_IMPLICIT_RETAIN_SELF = YES;
				CLANG_WARN_OBJC_LITERAL_CONVERSION = YES;
				CLANG_WARN_OBJC_ROOT_CLASS = YES_ERROR;
				CLANG_WARN_QUOTED_INCLUDE_IN_FRAMEWORK_HEADER = YES;
				CLANG_WARN_RANGE_LOOP_ANALYSIS = YES;
				CLANG_WARN_STRICT_PROTOTYPES = YES;
				CLANG_WARN_SUSPICIOUS_MOVE = YES;
				CLANG_WARN_UNGUARDED_AVAILABILITY = YES_AGGRESSIVE;
				CLANG_WARN_UNREACHABLE_CODE = YES;
				CLANG_WARN__DUPLICATE_METHOD_MATCH = YES;
				COPY_PHASE_STRIP = NO;
				DEBUG_INFORMATION_FORMAT = dwarf;
				ENABLE_STRICT_OBJC_MSGSEND = YES;
				ENABLE_TESTABILITY = YES;
				GCC_C_LANGUAGE_STANDARD = gnu11;
				GCC_DYNAMIC_NO_PIC = NO;
				GCC_NO_COMMON_BLOCKS = YES;
				GCC_OPTIMIZATION_LEVEL = 0;
				GCC_PREPROCESSOR_DEFINITIONS = (
					"DEBUG=1",
					"$(inherited)",
				);
				GCC_WARN_64_TO_32_BIT_CONVERSION = YES;
				GCC_WARN_ABOUT_RETURN_TYPE = YES_ERROR;
				GCC_WARN_UNDECLARED_SELECTOR = YES;
				GCC_WARN_UNINITIALIZED_AUTOS = YES_AGGRESSIVE;
				GCC_WARN_UNUSED_FUNCTION = YES;
				GCC_WARN_UNUSED_VARIABLE = YES;
				IPHONEOS_DEPLOYMENT_TARGET = 14.2;
				MTL_ENABLE_DEBUG_INFO = INCLUDE_SOURCE;
				MTL_FAST_MATH = YES;
				ONLY_ACTIVE_ARCH = YES;
				SDKROOT = iphoneos;
				SWIFT_ACTIVE_COMPILATION_CONDITIONS = DEBUG;
				SWIFT_OPTIMIZATION_LEVEL = "-Onone";
			};
			name = Debug;
		};
		A795597C26591C5D0090C91C /* Release */ = {
			isa = XCBuildConfiguration;
			buildSettings = {
				ALWAYS_SEARCH_USER_PATHS = NO;
				CLANG_ANALYZER_NONNULL = YES;
				CLANG_ANALYZER_NUMBER_OBJECT_CONVERSION = YES_AGGRESSIVE;
				CLANG_CXX_LANGUAGE_STANDARD = "gnu++14";
				CLANG_CXX_LIBRARY = "libc++";
				CLANG_ENABLE_MODULES = YES;
				CLANG_ENABLE_OBJC_ARC = YES;
				CLANG_ENABLE_OBJC_WEAK = YES;
				CLANG_WARN_BLOCK_CAPTURE_AUTORELEASING = YES;
				CLANG_WARN_BOOL_CONVERSION = YES;
				CLANG_WARN_COMMA = YES;
				CLANG_WARN_CONSTANT_CONVERSION = YES;
				CLANG_WARN_DEPRECATED_OBJC_IMPLEMENTATIONS = YES;
				CLANG_WARN_DIRECT_OBJC_ISA_USAGE = YES_ERROR;
				CLANG_WARN_DOCUMENTATION_COMMENTS = YES;
				CLANG_WARN_EMPTY_BODY = YES;
				CLANG_WARN_ENUM_CONVERSION = YES;
				CLANG_WARN_INFINITE_RECURSION = YES;
				CLANG_WARN_INT_CONVERSION = YES;
				CLANG_WARN_NON_LITERAL_NULL_CONVERSION = YES;
				CLANG_WARN_OBJC_IMPLICIT_RETAIN_SELF = YES;
				CLANG_WARN_OBJC_LITERAL_CONVERSION = YES;
				CLANG_WARN_OBJC_ROOT_CLASS = YES_ERROR;
				CLANG_WARN_QUOTED_INCLUDE_IN_FRAMEWORK_HEADER = YES;
				CLANG_WARN_RANGE_LOOP_ANALYSIS = YES;
				CLANG_WARN_STRICT_PROTOTYPES = YES;
				CLANG_WARN_SUSPICIOUS_MOVE = YES;
				CLANG_WARN_UNGUARDED_AVAILABILITY = YES_AGGRESSIVE;
				CLANG_WARN_UNREACHABLE_CODE = YES;
				CLANG_WARN__DUPLICATE_METHOD_MATCH = YES;
				COPY_PHASE_STRIP = NO;
				DEBUG_INFORMATION_FORMAT = "dwarf-with-dsym";
				ENABLE_NS_ASSERTIONS = NO;
				ENABLE_STRICT_OBJC_MSGSEND = YES;
				GCC_C_LANGUAGE_STANDARD = gnu11;
				GCC_NO_COMMON_BLOCKS = YES;
				GCC_WARN_64_TO_32_BIT_CONVERSION = YES;
				GCC_WARN_ABOUT_RETURN_TYPE = YES_ERROR;
				GCC_WARN_UNDECLARED_SELECTOR = YES;
				GCC_WARN_UNINITIALIZED_AUTOS = YES_AGGRESSIVE;
				GCC_WARN_UNUSED_FUNCTION = YES;
				GCC_WARN_UNUSED_VARIABLE = YES;
				IPHONEOS_DEPLOYMENT_TARGET = 14.2;
				MTL_ENABLE_DEBUG_INFO = NO;
				MTL_FAST_MATH = YES;
				SDKROOT = iphoneos;
				SWIFT_COMPILATION_MODE = wholemodule;
				SWIFT_OPTIMIZATION_LEVEL = "-O";
				VALIDATE_PRODUCT = YES;
			};
			name = Release;
		};
		A795597E26591C5D0090C91C /* Debug */ = {
			isa = XCBuildConfiguration;
			buildSettings = {
				ASSETCATALOG_COMPILER_APPICON_NAME = AppIcon;
				ASSETCATALOG_COMPILER_GLOBAL_ACCENT_COLOR_NAME = AccentColor;
				CODE_SIGN_STYLE = Automatic;
				DEVELOPMENT_ASSET_PATHS = "\"Milestone1315/Preview Content\"";
				DEVELOPMENT_TEAM = JS7SZYV8ND;
				ENABLE_PREVIEWS = YES;
				INFOPLIST_FILE = Milestone1315/Info.plist;
				IPHONEOS_DEPLOYMENT_TARGET = 14.0;
				LD_RUNPATH_SEARCH_PATHS = (
					"$(inherited)",
					"@executable_path/Frameworks",
				);
				PRODUCT_BUNDLE_IDENTIFIER = beknar.Milestone1315;
				PRODUCT_NAME = "$(TARGET_NAME)";
				SWIFT_VERSION = 5.0;
				TARGETED_DEVICE_FAMILY = "1,2";
			};
			name = Debug;
		};
		A795597F26591C5D0090C91C /* Release */ = {
			isa = XCBuildConfiguration;
			buildSettings = {
				ASSETCATALOG_COMPILER_APPICON_NAME = AppIcon;
				ASSETCATALOG_COMPILER_GLOBAL_ACCENT_COLOR_NAME = AccentColor;
				CODE_SIGN_STYLE = Automatic;
				DEVELOPMENT_ASSET_PATHS = "\"Milestone1315/Preview Content\"";
				DEVELOPMENT_TEAM = JS7SZYV8ND;
				ENABLE_PREVIEWS = YES;
				INFOPLIST_FILE = Milestone1315/Info.plist;
				IPHONEOS_DEPLOYMENT_TARGET = 14.0;
				LD_RUNPATH_SEARCH_PATHS = (
					"$(inherited)",
					"@executable_path/Frameworks",
				);
				PRODUCT_BUNDLE_IDENTIFIER = beknar.Milestone1315;
				PRODUCT_NAME = "$(TARGET_NAME)";
				SWIFT_VERSION = 5.0;
				TARGETED_DEVICE_FAMILY = "1,2";
			};
			name = Release;
		};
/* End XCBuildConfiguration section */

/* Begin XCConfigurationList section */
		A795596926591C5C0090C91C /* Build configuration list for PBXProject "Milestone1315" */ = {
			isa = XCConfigurationList;
			buildConfigurations = (
				A795597B26591C5D0090C91C /* Debug */,
				A795597C26591C5D0090C91C /* Release */,
			);
			defaultConfigurationIsVisible = 0;
			defaultConfigurationName = Release;
		};
		A795597D26591C5D0090C91C /* Build configuration list for PBXNativeTarget "Milestone1315" */ = {
			isa = XCConfigurationList;
			buildConfigurations = (
				A795597E26591C5D0090C91C /* Debug */,
				A795597F26591C5D0090C91C /* Release */,
			);
			defaultConfigurationIsVisible = 0;
			defaultConfigurationName = Release;
		};
/* End XCConfigurationList section */
	};
	rootObject = A795596626591C5C0090C91C /* Project object */;
}
